<?xml version="1.0" encoding="UTF-8"?>
<!DOCTYPE plist PUBLIC "-//Apple//DTD PLIST 1.0//EN" "http://www.apple.com/DTDs/PropertyList-1.0.dtd">
<plist version="1.0">
<dict>
	<key>archiveVersion</key>
	<string>1</string>
	<key>classes</key>
	<dict/>
	<key>objectVersion</key>
	<string>46</string>
	<key>objects</key>
	<dict>
		<key>891C5FC01D1D104300212390</key>
		<dict>
			<key>fileEncoding</key>
			<string>4</string>
			<key>isa</key>
			<string>PBXFileReference</string>
			<key>lastKnownFileType</key>
			<string>sourcecode.c.h</string>
			<key>path</key>
			<string>LLYTKGetImageApi.h</string>
			<key>sourceTree</key>
			<string>&lt;group&gt;</string>
		</dict>
		<key>891C5FC11D1D104300212390</key>
		<dict>
			<key>fileEncoding</key>
			<string>4</string>
			<key>isa</key>
			<string>PBXFileReference</string>
			<key>lastKnownFileType</key>
			<string>sourcecode.c.objc</string>
			<key>path</key>
			<string>LLYTKGetImageApi.m</string>
			<key>sourceTree</key>
			<string>&lt;group&gt;</string>
		</dict>
		<key>891C5FC21D1D104300212390</key>
		<dict>
			<key>fileRef</key>
			<string>891C5FC11D1D104300212390</string>
			<key>isa</key>
			<string>PBXBuildFile</string>
		</dict>
		<key>899D22171D1B8E4F00EAC837</key>
		<dict>
			<key>children</key>
			<array>
				<string>899D22221D1B8E4F00EAC837</string>
				<string>899D223C1D1B8E4F00EAC837</string>
				<string>899D22471D1B8E4F00EAC837</string>
				<string>899D22211D1B8E4F00EAC837</string>
			</array>
			<key>isa</key>
			<string>PBXGroup</string>
			<key>sourceTree</key>
			<string>&lt;group&gt;</string>
		</dict>
		<key>899D22181D1B8E4F00EAC837</key>
		<dict>
			<key>attributes</key>
			<dict>
				<key>LastUpgradeCheck</key>
				<string>0730</string>
				<key>ORGANIZATIONNAME</key>
				<string>&#26446;&#40857;</string>
				<key>TargetAttributes</key>
				<dict>
					<key>899D221F1D1B8E4F00EAC837</key>
					<dict>
						<key>CreatedOnToolsVersion</key>
						<string>7.3</string>
					</dict>
					<key>899D22381D1B8E4F00EAC837</key>
					<dict>
						<key>CreatedOnToolsVersion</key>
						<string>7.3</string>
						<key>TestTargetID</key>
						<string>899D221F1D1B8E4F00EAC837</string>
					</dict>
					<key>899D22431D1B8E4F00EAC837</key>
					<dict>
						<key>CreatedOnToolsVersion</key>
						<string>7.3</string>
						<key>TestTargetID</key>
						<string>899D221F1D1B8E4F00EAC837</string>
					</dict>
				</dict>
			</dict>
			<key>buildConfigurationList</key>
			<string>899D221B1D1B8E4F00EAC837</string>
			<key>compatibilityVersion</key>
			<string>Xcode 3.2</string>
			<key>developmentRegion</key>
			<string>English</string>
			<key>hasScannedForEncodings</key>
			<string>0</string>
			<key>isa</key>
			<string>PBXProject</string>
			<key>knownRegions</key>
			<array>
				<string>en</string>
				<string>Base</string>
			</array>
			<key>mainGroup</key>
			<string>899D22171D1B8E4F00EAC837</string>
			<key>productRefGroup</key>
			<string>899D22211D1B8E4F00EAC837</string>
			<key>projectDirPath</key>
			<string></string>
			<key>projectReferences</key>
			<array/>
			<key>projectRoot</key>
			<string></string>
			<key>targets</key>
			<array>
				<string>899D221F1D1B8E4F00EAC837</string>
				<string>899D22381D1B8E4F00EAC837</string>
				<string>899D22431D1B8E4F00EAC837</string>
			</array>
		</dict>
		<key>899D221B1D1B8E4F00EAC837</key>
		<dict>
			<key>buildConfigurations</key>
			<array>
				<string>899D224B1D1B8E4F00EAC837</string>
				<string>899D224C1D1B8E4F00EAC837</string>
			</array>
			<key>defaultConfigurationIsVisible</key>
			<string>0</string>
			<key>defaultConfigurationName</key>
			<string>Release</string>
			<key>isa</key>
			<string>XCConfigurationList</string>
		</dict>
		<key>899D221C1D1B8E4F00EAC837</key>
		<dict>
			<key>buildActionMask</key>
			<string>2147483647</string>
			<key>files</key>
			<array>
				<string>899D22FA1D1B8FD100EAC837</string>
				<string>899D22F71D1B8FD100EAC837</string>
				<string>899D22F91D1B8FD100EAC837</string>
				<string>899D22F01D1B8FD100EAC837</string>
				<string>899D22EE1D1B8FD100EAC837</string>
				<string>899D22F11D1B8FD100EAC837</string>
				<string>89CF78E01D26727F00B01B97</string>
				<string>891C5FC21D1D104300212390</string>
				<string>899D22ED1D1B8FD100EAC837</string>
				<string>899D22E11D1B8FD100EAC837</string>
				<string>89CF78DD1D2670AE00B01B97</string>
				<string>899D22E61D1B8FD100EAC837</string>
				<string>89DE4BF61D2525F400E55ADA</string>
				<string>899D222B1D1B8E4F00EAC837</string>
				<string>899D22FB1D1B8FD100EAC837</string>
				<string>899D22E31D1B8FD100EAC837</string>
				<string>899D23001D1B9C6600EAC837</string>
				<string>899D23031D1BB87400EAC837</string>
				<string>899D22E71D1B8FD100EAC837</string>
				<string>899D22F81D1B8FD100EAC837</string>
				<string>899D22F41D1B8FD100EAC837</string>
				<string>899D22EF1D1B8FD100EAC837</string>
				<string>899D22F51D1B8FD100EAC837</string>
				<string>89CF78C81D266DB700B01B97</string>
				<string>899D22E21D1B8FD100EAC837</string>
				<string>899D22F31D1B8FD100EAC837</string>
				<string>899D22EC1D1B8FD100EAC837</string>
				<string>899D22281D1B8E4F00EAC837</string>
				<string>899D22E81D1B8FD100EAC837</string>
				<string>899D22F61D1B8FD100EAC837</string>
				<string>899D22E41D1B8FD100EAC837</string>
				<string>899D22E51D1B8FD100EAC837</string>
				<string>899D22E91D1B8FD100EAC837</string>
				<string>899D22F21D1B8FD100EAC837</string>
				<string>899D22EA1D1B8FD100EAC837</string>
				<string>899D22EB1D1B8FD100EAC837</string>
				<string>899D22251D1B8E4F00EAC837</string>
			</array>
			<key>isa</key>
			<string>PBXSourcesBuildPhase</string>
			<key>runOnlyForDeploymentPostprocessing</key>
			<string>0</string>
		</dict>
		<key>899D221D1D1B8E4F00EAC837</key>
		<dict>
			<key>buildActionMask</key>
			<string>2147483647</string>
			<key>files</key>
			<array/>
			<key>isa</key>
			<string>PBXFrameworksBuildPhase</string>
			<key>runOnlyForDeploymentPostprocessing</key>
			<string>0</string>
		</dict>
		<key>899D221E1D1B8E4F00EAC837</key>
		<dict>
			<key>buildActionMask</key>
			<string>2147483647</string>
			<key>files</key>
			<array>
				<string>89CF78D91D266FA300B01B97</string>
				<string>899D22331D1B8E4F00EAC837</string>
				<string>89CF78D51D266FA300B01B97</string>
				<string>89CF78D21D266FA300B01B97</string>
				<string>89CF78D71D266FA300B01B97</string>
				<string>89CF78D31D266FA300B01B97</string>
				<string>89CF78D41D266FA300B01B97</string>
				<string>89CF78D61D266FA300B01B97</string>
				<string>89CF78D81D266FA300B01B97</string>
				<string>89CF78DA1D266FA300B01B97</string>
				<string>899D22301D1B8E4F00EAC837</string>
				<string>899D222E1D1B8E4F00EAC837</string>
			</array>
			<key>isa</key>
			<string>PBXResourcesBuildPhase</string>
			<key>runOnlyForDeploymentPostprocessing</key>
			<string>0</string>
		</dict>
		<key>899D221F1D1B8E4F00EAC837</key>
		<dict>
			<key>buildConfigurationList</key>
			<string>899D224D1D1B8E4F00EAC837</string>
			<key>buildPhases</key>
			<array>
				<string>899D221C1D1B8E4F00EAC837</string>
				<string>899D221D1D1B8E4F00EAC837</string>
				<string>899D221E1D1B8E4F00EAC837</string>
			</array>
			<key>buildRules</key>
			<array/>
			<key>dependencies</key>
			<array/>
			<key>isa</key>
			<string>PBXNativeTarget</string>
			<key>name</key>
			<string>LLYTKNetworkTest0623</string>
			<key>productName</key>
			<string>LLYTKNetworkTest0623</string>
			<key>productReference</key>
			<string>899D22201D1B8E4F00EAC837</string>
			<key>productType</key>
			<string>com.apple.product-type.application</string>
		</dict>
		<key>899D22201D1B8E4F00EAC837</key>
		<dict>
			<key>explicitFileType</key>
			<string>wrapper.application</string>
			<key>includeInIndex</key>
			<string>0</string>
			<key>isa</key>
			<string>PBXFileReference</string>
			<key>path</key>
			<string>LLYTKNetworkTest0623.app</string>
			<key>sourceTree</key>
			<string>BUILT_PRODUCTS_DIR</string>
		</dict>
		<key>899D22211D1B8E4F00EAC837</key>
		<dict>
			<key>children</key>
			<array>
				<string>899D22201D1B8E4F00EAC837</string>
				<string>899D22391D1B8E4F00EAC837</string>
				<string>899D22441D1B8E4F00EAC837</string>
			</array>
			<key>isa</key>
			<string>PBXGroup</string>
			<key>name</key>
			<string>Products</string>
			<key>sourceTree</key>
			<string>&lt;group&gt;</string>
		</dict>
		<key>899D22221D1B8E4F00EAC837</key>
		<dict>
			<key>children</key>
			<array>
				<string>899D22FD1D1B99ED00EAC837</string>
				<string>899D22FC1D1B99D200EAC837</string>
				<string>899D22561D1B8E7F00EAC837</string>
				<string>899D22231D1B8E4F00EAC837</string>
				<string>899D22261D1B8E4F00EAC837</string>
				<string>899D22271D1B8E4F00EAC837</string>
				<string>899D22291D1B8E4F00EAC837</string>
				<string>899D222A1D1B8E4F00EAC837</string>
			</array>
			<key>isa</key>
			<string>PBXGroup</string>
			<key>path</key>
			<string>LLYTKNetworkTest0623</string>
			<key>sourceTree</key>
			<string>&lt;group&gt;</string>
		</dict>
		<key>899D22231D1B8E4F00EAC837</key>
		<dict>
			<key>children</key>
			<array>
				<string>89CF78C91D266FA300B01B97</string>
				<string>89CF78CA1D266FA300B01B97</string>
				<string>89CF78CB1D266FA300B01B97</string>
				<string>89CF78CC1D266FA300B01B97</string>
				<string>89CF78CD1D266FA300B01B97</string>
				<string>89CF78CE1D266FA300B01B97</string>
				<string>89CF78CF1D266FA300B01B97</string>
				<string>89CF78D01D266FA300B01B97</string>
				<string>89CF78D11D266FA300B01B97</string>
				<string>89CF78DE1D26727F00B01B97</string>
				<string>89CF78DF1D26727F00B01B97</string>
				<string>899D22241D1B8E4F00EAC837</string>
			</array>
			<key>isa</key>
			<string>PBXGroup</string>
			<key>path</key>
			<string>Supporting Files</string>
			<key>sourceTree</key>
			<string>&lt;group&gt;</string>
		</dict>
		<key>899D22241D1B8E4F00EAC837</key>
		<dict>
			<key>isa</key>
			<string>PBXFileReference</string>
			<key>lastKnownFileType</key>
			<string>sourcecode.c.objc</string>
			<key>path</key>
			<string>main.m</string>
			<key>sourceTree</key>
			<string>&lt;group&gt;</string>
		</dict>
		<key>899D22251D1B8E4F00EAC837</key>
		<dict>
			<key>fileRef</key>
			<string>899D22241D1B8E4F00EAC837</string>
			<key>isa</key>
			<string>PBXBuildFile</string>
		</dict>
		<key>899D22261D1B8E4F00EAC837</key>
		<dict>
			<key>isa</key>
			<string>PBXFileReference</string>
			<key>lastKnownFileType</key>
			<string>sourcecode.c.h</string>
			<key>path</key>
			<string>AppDelegate.h</string>
			<key>sourceTree</key>
			<string>&lt;group&gt;</string>
		</dict>
		<key>899D22271D1B8E4F00EAC837</key>
		<dict>
			<key>isa</key>
			<string>PBXFileReference</string>
			<key>lastKnownFileType</key>
			<string>sourcecode.c.objc</string>
			<key>path</key>
			<string>AppDelegate.m</string>
			<key>sourceTree</key>
			<string>&lt;group&gt;</string>
		</dict>
		<key>899D22281D1B8E4F00EAC837</key>
		<dict>
			<key>fileRef</key>
			<string>899D22271D1B8E4F00EAC837</string>
			<key>isa</key>
			<string>PBXBuildFile</string>
		</dict>
		<key>899D22291D1B8E4F00EAC837</key>
		<dict>
			<key>isa</key>
			<string>PBXFileReference</string>
			<key>lastKnownFileType</key>
			<string>sourcecode.c.h</string>
			<key>path</key>
			<string>ViewController.h</string>
			<key>sourceTree</key>
			<string>&lt;group&gt;</string>
		</dict>
		<key>899D222A1D1B8E4F00EAC837</key>
		<dict>
			<key>isa</key>
			<string>PBXFileReference</string>
			<key>lastKnownFileType</key>
			<string>sourcecode.c.objc</string>
			<key>path</key>
			<string>ViewController.m</string>
			<key>sourceTree</key>
			<string>&lt;group&gt;</string>
		</dict>
		<key>899D222B1D1B8E4F00EAC837</key>
		<dict>
			<key>fileRef</key>
			<string>899D222A1D1B8E4F00EAC837</string>
			<key>isa</key>
			<string>PBXBuildFile</string>
		</dict>
		<key>899D222C1D1B8E4F00EAC837</key>
		<dict>
			<key>children</key>
			<array>
				<string>899D222D1D1B8E4F00EAC837</string>
			</array>
			<key>isa</key>
			<string>PBXVariantGroup</string>
			<key>name</key>
			<string>Main.storyboard</string>
			<key>path</key>
			<string>.</string>
			<key>sourceTree</key>
			<string>&lt;group&gt;</string>
		</dict>
		<key>899D222D1D1B8E4F00EAC837</key>
		<dict>
			<key>isa</key>
			<string>PBXFileReference</string>
			<key>lastKnownFileType</key>
			<string>file.storyboard</string>
			<key>name</key>
			<string>Base</string>
			<key>path</key>
			<string>Base.lproj/Main.storyboard</string>
			<key>sourceTree</key>
			<string>&lt;group&gt;</string>
		</dict>
		<key>899D222E1D1B8E4F00EAC837</key>
		<dict>
			<key>fileRef</key>
			<string>899D222C1D1B8E4F00EAC837</string>
			<key>isa</key>
			<string>PBXBuildFile</string>
		</dict>
		<key>899D222F1D1B8E4F00EAC837</key>
		<dict>
			<key>isa</key>
			<string>PBXFileReference</string>
			<key>lastKnownFileType</key>
			<string>folder.assetcatalog</string>
			<key>path</key>
			<string>Assets.xcassets</string>
			<key>sourceTree</key>
			<string>&lt;group&gt;</string>
		</dict>
		<key>899D22301D1B8E4F00EAC837</key>
		<dict>
			<key>fileRef</key>
			<string>899D222F1D1B8E4F00EAC837</string>
			<key>isa</key>
			<string>PBXBuildFile</string>
		</dict>
		<key>899D22311D1B8E4F00EAC837</key>
		<dict>
			<key>children</key>
			<array>
				<string>899D22321D1B8E4F00EAC837</string>
			</array>
			<key>isa</key>
			<string>PBXVariantGroup</string>
			<key>name</key>
			<string>LaunchScreen.storyboard</string>
			<key>path</key>
			<string>.</string>
			<key>sourceTree</key>
			<string>&lt;group&gt;</string>
		</dict>
		<key>899D22321D1B8E4F00EAC837</key>
		<dict>
			<key>isa</key>
			<string>PBXFileReference</string>
			<key>lastKnownFileType</key>
			<string>file.storyboard</string>
			<key>name</key>
			<string>Base</string>
			<key>path</key>
			<string>Base.lproj/LaunchScreen.storyboard</string>
			<key>sourceTree</key>
			<string>&lt;group&gt;</string>
		</dict>
		<key>899D22331D1B8E4F00EAC837</key>
		<dict>
			<key>fileRef</key>
			<string>899D22311D1B8E4F00EAC837</string>
			<key>isa</key>
			<string>PBXBuildFile</string>
		</dict>
		<key>899D22341D1B8E4F00EAC837</key>
		<dict>
			<key>isa</key>
			<string>PBXFileReference</string>
			<key>lastKnownFileType</key>
			<string>text.plist.xml</string>
			<key>path</key>
			<string>Info.plist</string>
			<key>sourceTree</key>
			<string>&lt;group&gt;</string>
		</dict>
		<key>899D22351D1B8E4F00EAC837</key>
		<dict>
			<key>buildActionMask</key>
			<string>2147483647</string>
			<key>files</key>
			<array>
				<string>899D223E1D1B8E4F00EAC837</string>
			</array>
			<key>isa</key>
			<string>PBXSourcesBuildPhase</string>
			<key>runOnlyForDeploymentPostprocessing</key>
			<string>0</string>
		</dict>
		<key>899D22361D1B8E4F00EAC837</key>
		<dict>
			<key>buildActionMask</key>
			<string>2147483647</string>
			<key>files</key>
			<array/>
			<key>isa</key>
			<string>PBXFrameworksBuildPhase</string>
			<key>runOnlyForDeploymentPostprocessing</key>
			<string>0</string>
		</dict>
		<key>899D22371D1B8E4F00EAC837</key>
		<dict>
			<key>buildActionMask</key>
			<string>2147483647</string>
			<key>files</key>
			<array/>
			<key>isa</key>
			<string>PBXResourcesBuildPhase</string>
			<key>runOnlyForDeploymentPostprocessing</key>
			<string>0</string>
		</dict>
		<key>899D22381D1B8E4F00EAC837</key>
		<dict>
			<key>buildConfigurationList</key>
			<string>899D22501D1B8E4F00EAC837</string>
			<key>buildPhases</key>
			<array>
				<string>899D22351D1B8E4F00EAC837</string>
				<string>899D22361D1B8E4F00EAC837</string>
				<string>899D22371D1B8E4F00EAC837</string>
			</array>
			<key>buildRules</key>
			<array/>
			<key>dependencies</key>
			<array>
				<string>899D223B1D1B8E4F00EAC837</string>
			</array>
			<key>isa</key>
			<string>PBXNativeTarget</string>
			<key>name</key>
			<string>LLYTKNetworkTest0623Tests</string>
			<key>productName</key>
			<string>LLYTKNetworkTest0623Tests</string>
			<key>productReference</key>
			<string>899D22391D1B8E4F00EAC837</string>
			<key>productType</key>
			<string>com.apple.product-type.bundle.unit-test</string>
		</dict>
		<key>899D22391D1B8E4F00EAC837</key>
		<dict>
			<key>explicitFileType</key>
			<string>wrapper.cfbundle</string>
			<key>includeInIndex</key>
			<string>0</string>
			<key>isa</key>
			<string>PBXFileReference</string>
			<key>path</key>
			<string>LLYTKNetworkTest0623Tests.xctest</string>
			<key>sourceTree</key>
			<string>BUILT_PRODUCTS_DIR</string>
		</dict>
		<key>899D223A1D1B8E4F00EAC837</key>
		<dict>
			<key>containerPortal</key>
			<string>899D22181D1B8E4F00EAC837</string>
			<key>isa</key>
			<string>PBXContainerItemProxy</string>
			<key>proxyType</key>
			<string>1</string>
			<key>remoteGlobalIDString</key>
			<string>899D221F1D1B8E4F00EAC837</string>
			<key>remoteInfo</key>
			<string>LLYTKNetworkTest0623</string>
		</dict>
		<key>899D223B1D1B8E4F00EAC837</key>
		<dict>
			<key>isa</key>
			<string>PBXTargetDependency</string>
			<key>target</key>
			<string>899D221F1D1B8E4F00EAC837</string>
			<key>targetProxy</key>
			<string>899D223A1D1B8E4F00EAC837</string>
		</dict>
		<key>899D223C1D1B8E4F00EAC837</key>
		<dict>
			<key>children</key>
			<array>
				<string>899D223F1D1B8E4F00EAC837</string>
				<string>899D223D1D1B8E4F00EAC837</string>
			</array>
			<key>isa</key>
			<string>PBXGroup</string>
			<key>path</key>
			<string>LLYTKNetworkTest0623Tests</string>
			<key>sourceTree</key>
			<string>&lt;group&gt;</string>
		</dict>
		<key>899D223D1D1B8E4F00EAC837</key>
		<dict>
			<key>isa</key>
			<string>PBXFileReference</string>
			<key>lastKnownFileType</key>
			<string>sourcecode.c.objc</string>
			<key>path</key>
			<string>LLYTKNetworkTest0623Tests.m</string>
			<key>sourceTree</key>
			<string>&lt;group&gt;</string>
		</dict>
		<key>899D223E1D1B8E4F00EAC837</key>
		<dict>
			<key>fileRef</key>
			<string>899D223D1D1B8E4F00EAC837</string>
			<key>isa</key>
			<string>PBXBuildFile</string>
		</dict>
		<key>899D223F1D1B8E4F00EAC837</key>
		<dict>
			<key>isa</key>
			<string>PBXFileReference</string>
			<key>lastKnownFileType</key>
			<string>text.plist.xml</string>
			<key>path</key>
			<string>Info.plist</string>
			<key>sourceTree</key>
			<string>&lt;group&gt;</string>
		</dict>
		<key>899D22401D1B8E4F00EAC837</key>
		<dict>
			<key>buildActionMask</key>
			<string>2147483647</string>
			<key>files</key>
			<array>
				<string>899D22491D1B8E4F00EAC837</string>
			</array>
			<key>isa</key>
			<string>PBXSourcesBuildPhase</string>
			<key>runOnlyForDeploymentPostprocessing</key>
			<string>0</string>
		</dict>
		<key>899D22411D1B8E4F00EAC837</key>
		<dict>
			<key>buildActionMask</key>
			<string>2147483647</string>
			<key>files</key>
			<array/>
			<key>isa</key>
			<string>PBXFrameworksBuildPhase</string>
			<key>runOnlyForDeploymentPostprocessing</key>
			<string>0</string>
		</dict>
		<key>899D22421D1B8E4F00EAC837</key>
		<dict>
			<key>buildActionMask</key>
			<string>2147483647</string>
			<key>files</key>
			<array/>
			<key>isa</key>
			<string>PBXResourcesBuildPhase</string>
			<key>runOnlyForDeploymentPostprocessing</key>
			<string>0</string>
		</dict>
		<key>899D22431D1B8E4F00EAC837</key>
		<dict>
			<key>buildConfigurationList</key>
			<string>899D22531D1B8E4F00EAC837</string>
			<key>buildPhases</key>
			<array>
				<string>899D22401D1B8E4F00EAC837</string>
				<string>899D22411D1B8E4F00EAC837</string>
				<string>899D22421D1B8E4F00EAC837</string>
			</array>
			<key>buildRules</key>
			<array/>
			<key>dependencies</key>
			<array>
				<string>899D22461D1B8E4F00EAC837</string>
			</array>
			<key>isa</key>
			<string>PBXNativeTarget</string>
			<key>name</key>
			<string>LLYTKNetworkTest0623UITests</string>
			<key>productName</key>
			<string>LLYTKNetworkTest0623UITests</string>
			<key>productReference</key>
			<string>899D22441D1B8E4F00EAC837</string>
			<key>productType</key>
			<string>com.apple.product-type.bundle.ui-testing</string>
		</dict>
		<key>899D22441D1B8E4F00EAC837</key>
		<dict>
			<key>explicitFileType</key>
			<string>wrapper.cfbundle</string>
			<key>includeInIndex</key>
			<string>0</string>
			<key>isa</key>
			<string>PBXFileReference</string>
			<key>path</key>
			<string>LLYTKNetworkTest0623UITests.xctest</string>
			<key>sourceTree</key>
			<string>BUILT_PRODUCTS_DIR</string>
		</dict>
		<key>899D22451D1B8E4F00EAC837</key>
		<dict>
			<key>containerPortal</key>
			<string>899D22181D1B8E4F00EAC837</string>
			<key>isa</key>
			<string>PBXContainerItemProxy</string>
			<key>proxyType</key>
			<string>1</string>
			<key>remoteGlobalIDString</key>
			<string>899D221F1D1B8E4F00EAC837</string>
			<key>remoteInfo</key>
			<string>LLYTKNetworkTest0623</string>
		</dict>
		<key>899D22461D1B8E4F00EAC837</key>
		<dict>
			<key>isa</key>
			<string>PBXTargetDependency</string>
			<key>target</key>
			<string>899D221F1D1B8E4F00EAC837</string>
			<key>targetProxy</key>
			<string>899D22451D1B8E4F00EAC837</string>
		</dict>
		<key>899D22471D1B8E4F00EAC837</key>
		<dict>
			<key>children</key>
			<array>
				<string>899D224A1D1B8E4F00EAC837</string>
				<string>899D22481D1B8E4F00EAC837</string>
			</array>
			<key>isa</key>
			<string>PBXGroup</string>
			<key>path</key>
			<string>LLYTKNetworkTest0623UITests</string>
			<key>sourceTree</key>
			<string>&lt;group&gt;</string>
		</dict>
		<key>899D22481D1B8E4F00EAC837</key>
		<dict>
			<key>isa</key>
			<string>PBXFileReference</string>
			<key>lastKnownFileType</key>
			<string>sourcecode.c.objc</string>
			<key>path</key>
			<string>LLYTKNetworkTest0623UITests.m</string>
			<key>sourceTree</key>
			<string>&lt;group&gt;</string>
		</dict>
		<key>899D22491D1B8E4F00EAC837</key>
		<dict>
			<key>fileRef</key>
			<string>899D22481D1B8E4F00EAC837</string>
			<key>isa</key>
			<string>PBXBuildFile</string>
		</dict>
		<key>899D224A1D1B8E4F00EAC837</key>
		<dict>
			<key>isa</key>
			<string>PBXFileReference</string>
			<key>lastKnownFileType</key>
			<string>text.plist.xml</string>
			<key>path</key>
			<string>Info.plist</string>
			<key>sourceTree</key>
			<string>&lt;group&gt;</string>
		</dict>
		<key>899D224B1D1B8E4F00EAC837</key>
		<dict>
			<key>buildSettings</key>
			<dict>
				<key>ALWAYS_SEARCH_USER_PATHS</key>
				<string>NO</string>
				<key>CLANG_ANALYZER_NONNULL</key>
				<string>YES</string>
				<key>CLANG_CXX_LANGUAGE_STANDARD</key>
				<string>gnu++0x</string>
				<key>CLANG_CXX_LIBRARY</key>
				<string>libc++</string>
				<key>CLANG_ENABLE_MODULES</key>
				<string>YES</string>
				<key>CLANG_ENABLE_OBJC_ARC</key>
				<string>YES</string>
				<key>CLANG_WARN_BOOL_CONVERSION</key>
				<string>YES</string>
				<key>CLANG_WARN_CONSTANT_CONVERSION</key>
				<string>YES</string>
				<key>CLANG_WARN_DIRECT_OBJC_ISA_USAGE</key>
				<string>YES_ERROR</string>
				<key>CLANG_WARN_EMPTY_BODY</key>
				<string>YES</string>
				<key>CLANG_WARN_ENUM_CONVERSION</key>
				<string>YES</string>
				<key>CLANG_WARN_INT_CONVERSION</key>
				<string>YES</string>
				<key>CLANG_WARN_OBJC_ROOT_CLASS</key>
				<string>YES_ERROR</string>
				<key>CLANG_WARN_UNREACHABLE_CODE</key>
				<string>YES</string>
				<key>CLANG_WARN__DUPLICATE_METHOD_MATCH</key>
				<string>YES</string>
				<key>CODE_SIGN_IDENTITY[sdk=iphoneos*]</key>
				<string>iPhone Developer</string>
				<key>COPY_PHASE_STRIP</key>
				<string>NO</string>
				<key>DEBUG_INFORMATION_FORMAT</key>
				<string>dwarf</string>
				<key>ENABLE_STRICT_OBJC_MSGSEND</key>
				<string>YES</string>
				<key>ENABLE_TESTABILITY</key>
				<string>YES</string>
				<key>GCC_C_LANGUAGE_STANDARD</key>
				<string>gnu99</string>
				<key>GCC_DYNAMIC_NO_PIC</key>
				<string>NO</string>
				<key>GCC_NO_COMMON_BLOCKS</key>
				<string>YES</string>
				<key>GCC_OPTIMIZATION_LEVEL</key>
				<string>0</string>
				<key>GCC_PREPROCESSOR_DEFINITIONS</key>
				<array>
					<string>DEBUG=1</string>
					<string>$(inherited)</string>
				</array>
				<key>GCC_WARN_64_TO_32_BIT_CONVERSION</key>
				<string>YES</string>
				<key>GCC_WARN_ABOUT_RETURN_TYPE</key>
				<string>YES_ERROR</string>
				<key>GCC_WARN_UNDECLARED_SELECTOR</key>
				<string>YES</string>
				<key>GCC_WARN_UNINITIALIZED_AUTOS</key>
				<string>YES_AGGRESSIVE</string>
				<key>GCC_WARN_UNUSED_FUNCTION</key>
				<string>YES</string>
				<key>GCC_WARN_UNUSED_VARIABLE</key>
				<string>YES</string>
				<key>IPHONEOS_DEPLOYMENT_TARGET</key>
				<string>9.3</string>
				<key>MTL_ENABLE_DEBUG_INFO</key>
				<string>YES</string>
				<key>ONLY_ACTIVE_ARCH</key>
				<string>YES</string>
				<key>SDKROOT</key>
				<string>iphoneos</string>
				<key>TARGETED_DEVICE_FAMILY</key>
				<string>1,2</string>
			</dict>
			<key>isa</key>
			<string>XCBuildConfiguration</string>
			<key>name</key>
			<string>Debug</string>
		</dict>
		<key>899D224C1D1B8E4F00EAC837</key>
		<dict>
			<key>buildSettings</key>
			<dict>
				<key>ALWAYS_SEARCH_USER_PATHS</key>
				<string>NO</string>
				<key>CLANG_ANALYZER_NONNULL</key>
				<string>YES</string>
				<key>CLANG_CXX_LANGUAGE_STANDARD</key>
				<string>gnu++0x</string>
				<key>CLANG_CXX_LIBRARY</key>
				<string>libc++</string>
				<key>CLANG_ENABLE_MODULES</key>
				<string>YES</string>
				<key>CLANG_ENABLE_OBJC_ARC</key>
				<string>YES</string>
				<key>CLANG_WARN_BOOL_CONVERSION</key>
				<string>YES</string>
				<key>CLANG_WARN_CONSTANT_CONVERSION</key>
				<string>YES</string>
				<key>CLANG_WARN_DIRECT_OBJC_ISA_USAGE</key>
				<string>YES_ERROR</string>
				<key>CLANG_WARN_EMPTY_BODY</key>
				<string>YES</string>
				<key>CLANG_WARN_ENUM_CONVERSION</key>
				<string>YES</string>
				<key>CLANG_WARN_INT_CONVERSION</key>
				<string>YES</string>
				<key>CLANG_WARN_OBJC_ROOT_CLASS</key>
				<string>YES_ERROR</string>
				<key>CLANG_WARN_UNREACHABLE_CODE</key>
				<string>YES</string>
				<key>CLANG_WARN__DUPLICATE_METHOD_MATCH</key>
				<string>YES</string>
				<key>CODE_SIGN_IDENTITY[sdk=iphoneos*]</key>
				<string>iPhone Developer</string>
				<key>COPY_PHASE_STRIP</key>
				<string>NO</string>
				<key>DEBUG_INFORMATION_FORMAT</key>
				<string>dwarf-with-dsym</string>
				<key>ENABLE_NS_ASSERTIONS</key>
				<string>NO</string>
				<key>ENABLE_STRICT_OBJC_MSGSEND</key>
				<string>YES</string>
				<key>GCC_C_LANGUAGE_STANDARD</key>
				<string>gnu99</string>
				<key>GCC_NO_COMMON_BLOCKS</key>
				<string>YES</string>
				<key>GCC_WARN_64_TO_32_BIT_CONVERSION</key>
				<string>YES</string>
				<key>GCC_WARN_ABOUT_RETURN_TYPE</key>
				<string>YES_ERROR</string>
				<key>GCC_WARN_UNDECLARED_SELECTOR</key>
				<string>YES</string>
				<key>GCC_WARN_UNINITIALIZED_AUTOS</key>
				<string>YES_AGGRESSIVE</string>
				<key>GCC_WARN_UNUSED_FUNCTION</key>
				<string>YES</string>
				<key>GCC_WARN_UNUSED_VARIABLE</key>
				<string>YES</string>
				<key>IPHONEOS_DEPLOYMENT_TARGET</key>
				<string>9.3</string>
				<key>MTL_ENABLE_DEBUG_INFO</key>
				<string>NO</string>
				<key>SDKROOT</key>
				<string>iphoneos</string>
				<key>TARGETED_DEVICE_FAMILY</key>
				<string>1,2</string>
				<key>VALIDATE_PRODUCT</key>
				<string>YES</string>
			</dict>
			<key>isa</key>
			<string>XCBuildConfiguration</string>
			<key>name</key>
			<string>Release</string>
		</dict>
		<key>899D224D1D1B8E4F00EAC837</key>
		<dict>
			<key>buildConfigurations</key>
			<array>
				<string>899D224E1D1B8E4F00EAC837</string>
				<string>899D224F1D1B8E4F00EAC837</string>
			</array>
			<key>defaultConfigurationIsVisible</key>
			<string>0</string>
			<key>defaultConfigurationName</key>
			<string>Release</string>
			<key>isa</key>
			<string>XCConfigurationList</string>
		</dict>
		<key>899D224E1D1B8E4F00EAC837</key>
		<dict>
			<key>buildSettings</key>
			<dict>
				<key>ASSETCATALOG_COMPILER_APPICON_NAME</key>
				<string>AppIcon</string>
				<key>INFOPLIST_FILE</key>
				<string>LLYTKNetworkTest0623/Otehrs/Info.plist</string>
				<key>IPHONEOS_DEPLOYMENT_TARGET</key>
				<string>8.0</string>
				<key>LD_RUNPATH_SEARCH_PATHS</key>
				<string>$(inherited) @executable_path/Frameworks</string>
				<key>PRODUCT_BUNDLE_IDENTIFIER</key>
				<string>com.lauren.LLYTKNetworkTest0623</string>
				<key>PRODUCT_NAME</key>
				<string>$(TARGET_NAME)</string>
			</dict>
			<key>isa</key>
			<string>XCBuildConfiguration</string>
			<key>name</key>
			<string>Debug</string>
		</dict>
		<key>899D224F1D1B8E4F00EAC837</key>
		<dict>
			<key>buildSettings</key>
			<dict>
				<key>ASSETCATALOG_COMPILER_APPICON_NAME</key>
				<string>AppIcon</string>
				<key>INFOPLIST_FILE</key>
				<string>LLYTKNetworkTest0623/Otehrs/Info.plist</string>
				<key>IPHONEOS_DEPLOYMENT_TARGET</key>
				<string>8.0</string>
				<key>LD_RUNPATH_SEARCH_PATHS</key>
				<string>$(inherited) @executable_path/Frameworks</string>
				<key>PRODUCT_BUNDLE_IDENTIFIER</key>
				<string>com.lauren.LLYTKNetworkTest0623</string>
				<key>PRODUCT_NAME</key>
				<string>$(TARGET_NAME)</string>
			</dict>
			<key>isa</key>
			<string>XCBuildConfiguration</string>
			<key>name</key>
			<string>Release</string>
		</dict>
		<key>899D22501D1B8E4F00EAC837</key>
		<dict>
			<key>buildConfigurations</key>
			<array>
				<string>899D22511D1B8E4F00EAC837</string>
				<string>899D22521D1B8E4F00EAC837</string>
			</array>
			<key>defaultConfigurationIsVisible</key>
			<string>0</string>
			<key>defaultConfigurationName</key>
			<string>Release</string>
			<key>isa</key>
			<string>XCConfigurationList</string>
		</dict>
		<key>899D22511D1B8E4F00EAC837</key>
		<dict>
			<key>buildSettings</key>
			<dict>
				<key>BUNDLE_LOADER</key>
				<string>$(TEST_HOST)</string>
				<key>INFOPLIST_FILE</key>
				<string>LLYTKNetworkTest0623Tests/Info.plist</string>
				<key>LD_RUNPATH_SEARCH_PATHS</key>
				<string>$(inherited) @executable_path/Frameworks @loader_path/Frameworks</string>
				<key>PRODUCT_BUNDLE_IDENTIFIER</key>
				<string>com.lauren.LLYTKNetworkTest0623Tests</string>
				<key>PRODUCT_NAME</key>
				<string>$(TARGET_NAME)</string>
				<key>TEST_HOST</key>
				<string>$(BUILT_PRODUCTS_DIR)/LLYTKNetworkTest0623.app/LLYTKNetworkTest0623</string>
			</dict>
			<key>isa</key>
			<string>XCBuildConfiguration</string>
			<key>name</key>
			<string>Debug</string>
		</dict>
		<key>899D22521D1B8E4F00EAC837</key>
		<dict>
			<key>buildSettings</key>
			<dict>
				<key>BUNDLE_LOADER</key>
				<string>$(TEST_HOST)</string>
				<key>INFOPLIST_FILE</key>
				<string>LLYTKNetworkTest0623Tests/Info.plist</string>
				<key>LD_RUNPATH_SEARCH_PATHS</key>
				<string>$(inherited) @executable_path/Frameworks @loader_path/Frameworks</string>
				<key>PRODUCT_BUNDLE_IDENTIFIER</key>
				<string>com.lauren.LLYTKNetworkTest0623Tests</string>
				<key>PRODUCT_NAME</key>
				<string>$(TARGET_NAME)</string>
				<key>TEST_HOST</key>
				<string>$(BUILT_PRODUCTS_DIR)/LLYTKNetworkTest0623.app/LLYTKNetworkTest0623</string>
			</dict>
			<key>isa</key>
			<string>XCBuildConfiguration</string>
			<key>name</key>
			<string>Release</string>
		</dict>
		<key>899D22531D1B8E4F00EAC837</key>
		<dict>
			<key>buildConfigurations</key>
			<array>
				<string>899D22541D1B8E4F00EAC837</string>
				<string>899D22551D1B8E4F00EAC837</string>
			</array>
			<key>defaultConfigurationIsVisible</key>
			<string>0</string>
			<key>defaultConfigurationName</key>
			<string>Release</string>
			<key>isa</key>
			<string>XCConfigurationList</string>
		</dict>
		<key>899D22541D1B8E4F00EAC837</key>
		<dict>
			<key>buildSettings</key>
			<dict>
				<key>INFOPLIST_FILE</key>
				<string>LLYTKNetworkTest0623UITests/Info.plist</string>
				<key>LD_RUNPATH_SEARCH_PATHS</key>
				<string>$(inherited) @executable_path/Frameworks @loader_path/Frameworks</string>
				<key>PRODUCT_BUNDLE_IDENTIFIER</key>
				<string>com.lauren.LLYTKNetworkTest0623UITests</string>
				<key>PRODUCT_NAME</key>
				<string>$(TARGET_NAME)</string>
				<key>TEST_TARGET_NAME</key>
				<string>LLYTKNetworkTest0623</string>
			</dict>
			<key>isa</key>
			<string>XCBuildConfiguration</string>
			<key>name</key>
			<string>Debug</string>
		</dict>
		<key>899D22551D1B8E4F00EAC837</key>
		<dict>
			<key>buildSettings</key>
			<dict>
				<key>INFOPLIST_FILE</key>
				<string>LLYTKNetworkTest0623UITests/Info.plist</string>
				<key>LD_RUNPATH_SEARCH_PATHS</key>
				<string>$(inherited) @executable_path/Frameworks @loader_path/Frameworks</string>
				<key>PRODUCT_BUNDLE_IDENTIFIER</key>
				<string>com.lauren.LLYTKNetworkTest0623UITests</string>
				<key>PRODUCT_NAME</key>
				<string>$(TARGET_NAME)</string>
				<key>TEST_TARGET_NAME</key>
				<string>LLYTKNetworkTest0623</string>
			</dict>
			<key>isa</key>
			<string>XCBuildConfiguration</string>
			<key>name</key>
			<string>Release</string>
		</dict>
		<key>899D22561D1B8E7F00EAC837</key>
		<dict>
			<key>children</key>
			<array>
				<string>899D22A51D1B8FD100EAC837</string>
				<string>899D22CE1D1B8FD100EAC837</string>
				<string>89CF78DB1D2670AE00B01B97</string>
				<string>89CF78DC1D2670AE00B01B97</string>
			</array>
			<key>isa</key>
			<string>PBXGroup</string>
			<key>path</key>
			<string>Source</string>
			<key>sourceTree</key>
			<string>&lt;group&gt;</string>
		</dict>
		<key>899D22A51D1B8FD100EAC837</key>
		<dict>
			<key>children</key>
			<array>
				<string>899D22A61D1B8FD100EAC837</string>
				<string>899D22BC1D1B8FD100EAC837</string>
				<string>899D22A91D1B8FD100EAC837</string>
				<string>899D22AA1D1B8FD100EAC837</string>
				<string>899D22AB1D1B8FD100EAC837</string>
				<string>899D22AC1D1B8FD100EAC837</string>
				<string>899D22AD1D1B8FD100EAC837</string>
				<string>899D22AE1D1B8FD100EAC837</string>
				<string>899D22B01D1B8FD100EAC837</string>
				<string>899D22B11D1B8FD100EAC837</string>
				<string>899D22AF1D1B8FD100EAC837</string>
				<string>899D22B21D1B8FD100EAC837</string>
				<string>899D22B31D1B8FD100EAC837</string>
				<string>899D22B41D1B8FD100EAC837</string>
				<string>899D22B51D1B8FD100EAC837</string>
				<string>899D22B61D1B8FD100EAC837</string>
				<string>899D22B71D1B8FD100EAC837</string>
				<string>899D22B81D1B8FD100EAC837</string>
				<string>899D22B91D1B8FD100EAC837</string>
				<string>899D22BA1D1B8FD100EAC837</string>
				<string>899D22BB1D1B8FD100EAC837</string>
			</array>
			<key>isa</key>
			<string>PBXGroup</string>
			<key>path</key>
			<string>AFNetworking</string>
			<key>sourceTree</key>
			<string>&lt;group&gt;</string>
		</dict>
		<key>899D22A61D1B8FD100EAC837</key>
		<dict>
			<key>children</key>
			<array>
				<string>899D22A71D1B8FD100EAC837</string>
				<string>899D22A81D1B8FD100EAC837</string>
			</array>
			<key>isa</key>
			<string>PBXGroup</string>
			<key>path</key>
			<string>AFDownloadRequestOperation</string>
			<key>sourceTree</key>
			<string>&lt;group&gt;</string>
		</dict>
		<key>899D22A71D1B8FD100EAC837</key>
		<dict>
			<key>fileEncoding</key>
			<string>4</string>
			<key>isa</key>
			<string>PBXFileReference</string>
			<key>lastKnownFileType</key>
			<string>sourcecode.c.h</string>
			<key>path</key>
			<string>AFDownloadRequestOperation.h</string>
			<key>sourceTree</key>
			<string>&lt;group&gt;</string>
		</dict>
		<key>899D22A81D1B8FD100EAC837</key>
		<dict>
			<key>fileEncoding</key>
			<string>4</string>
			<key>isa</key>
			<string>PBXFileReference</string>
			<key>lastKnownFileType</key>
			<string>sourcecode.c.objc</string>
			<key>path</key>
			<string>AFDownloadRequestOperation.m</string>
			<key>sourceTree</key>
			<string>&lt;group&gt;</string>
		</dict>
		<key>899D22A91D1B8FD100EAC837</key>
		<dict>
			<key>fileEncoding</key>
			<string>4</string>
			<key>isa</key>
			<string>PBXFileReference</string>
			<key>lastKnownFileType</key>
			<string>sourcecode.c.h</string>
			<key>path</key>
			<string>AFHTTPRequestOperation.h</string>
			<key>sourceTree</key>
			<string>&lt;group&gt;</string>
		</dict>
		<key>899D22AA1D1B8FD100EAC837</key>
		<dict>
			<key>fileEncoding</key>
			<string>4</string>
			<key>isa</key>
			<string>PBXFileReference</string>
			<key>lastKnownFileType</key>
			<string>sourcecode.c.objc</string>
			<key>path</key>
			<string>AFHTTPRequestOperation.m</string>
			<key>sourceTree</key>
			<string>&lt;group&gt;</string>
		</dict>
		<key>899D22AB1D1B8FD100EAC837</key>
		<dict>
			<key>fileEncoding</key>
			<string>4</string>
			<key>isa</key>
			<string>PBXFileReference</string>
			<key>lastKnownFileType</key>
			<string>sourcecode.c.h</string>
			<key>path</key>
			<string>AFHTTPRequestOperationManager.h</string>
			<key>sourceTree</key>
			<string>&lt;group&gt;</string>
		</dict>
		<key>899D22AC1D1B8FD100EAC837</key>
		<dict>
			<key>fileEncoding</key>
			<string>4</string>
			<key>isa</key>
			<string>PBXFileReference</string>
			<key>lastKnownFileType</key>
			<string>sourcecode.c.objc</string>
			<key>path</key>
			<string>AFHTTPRequestOperationManager.m</string>
			<key>sourceTree</key>
			<string>&lt;group&gt;</string>
		</dict>
		<key>899D22AD1D1B8FD100EAC837</key>
		<dict>
			<key>fileEncoding</key>
			<string>4</string>
			<key>isa</key>
			<string>PBXFileReference</string>
			<key>lastKnownFileType</key>
			<string>sourcecode.c.h</string>
			<key>path</key>
			<string>AFHTTPSessionManager.h</string>
			<key>sourceTree</key>
			<string>&lt;group&gt;</string>
		</dict>
		<key>899D22AE1D1B8FD100EAC837</key>
		<dict>
			<key>fileEncoding</key>
			<string>4</string>
			<key>isa</key>
			<string>PBXFileReference</string>
			<key>lastKnownFileType</key>
			<string>sourcecode.c.objc</string>
			<key>path</key>
			<string>AFHTTPSessionManager.m</string>
			<key>sourceTree</key>
			<string>&lt;group&gt;</string>
		</dict>
		<key>899D22AF1D1B8FD100EAC837</key>
		<dict>
			<key>fileEncoding</key>
			<string>4</string>
			<key>isa</key>
			<string>PBXFileReference</string>
			<key>lastKnownFileType</key>
			<string>sourcecode.c.h</string>
			<key>path</key>
			<string>AFNetworking.h</string>
			<key>sourceTree</key>
			<string>&lt;group&gt;</string>
		</dict>
		<key>899D22B01D1B8FD100EAC837</key>
		<dict>
			<key>fileEncoding</key>
			<string>4</string>
			<key>isa</key>
			<string>PBXFileReference</string>
			<key>lastKnownFileType</key>
			<string>sourcecode.c.h</string>
			<key>path</key>
			<string>AFNetworkReachabilityManager.h</string>
			<key>sourceTree</key>
			<string>&lt;group&gt;</string>
		</dict>
		<key>899D22B11D1B8FD100EAC837</key>
		<dict>
			<key>fileEncoding</key>
			<string>4</string>
			<key>isa</key>
			<string>PBXFileReference</string>
			<key>lastKnownFileType</key>
			<string>sourcecode.c.objc</string>
			<key>path</key>
			<string>AFNetworkReachabilityManager.m</string>
			<key>sourceTree</key>
			<string>&lt;group&gt;</string>
		</dict>
		<key>899D22B21D1B8FD100EAC837</key>
		<dict>
			<key>fileEncoding</key>
			<string>4</string>
			<key>isa</key>
			<string>PBXFileReference</string>
			<key>lastKnownFileType</key>
			<string>sourcecode.c.h</string>
			<key>path</key>
			<string>AFSecurityPolicy.h</string>
			<key>sourceTree</key>
			<string>&lt;group&gt;</string>
		</dict>
		<key>899D22B31D1B8FD100EAC837</key>
		<dict>
			<key>fileEncoding</key>
			<string>4</string>
			<key>isa</key>
			<string>PBXFileReference</string>
			<key>lastKnownFileType</key>
			<string>sourcecode.c.objc</string>
			<key>path</key>
			<string>AFSecurityPolicy.m</string>
			<key>sourceTree</key>
			<string>&lt;group&gt;</string>
		</dict>
		<key>899D22B41D1B8FD100EAC837</key>
		<dict>
			<key>fileEncoding</key>
			<string>4</string>
			<key>isa</key>
			<string>PBXFileReference</string>
			<key>lastKnownFileType</key>
			<string>sourcecode.c.h</string>
			<key>path</key>
			<string>AFURLConnectionOperation.h</string>
			<key>sourceTree</key>
			<string>&lt;group&gt;</string>
		</dict>
		<key>899D22B51D1B8FD100EAC837</key>
		<dict>
			<key>fileEncoding</key>
			<string>4</string>
			<key>isa</key>
			<string>PBXFileReference</string>
			<key>lastKnownFileType</key>
			<string>sourcecode.c.objc</string>
			<key>path</key>
			<string>AFURLConnectionOperation.m</string>
			<key>sourceTree</key>
			<string>&lt;group&gt;</string>
		</dict>
		<key>899D22B61D1B8FD100EAC837</key>
		<dict>
			<key>fileEncoding</key>
			<string>4</string>
			<key>isa</key>
			<string>PBXFileReference</string>
			<key>lastKnownFileType</key>
			<string>sourcecode.c.h</string>
			<key>path</key>
			<string>AFURLRequestSerialization.h</string>
			<key>sourceTree</key>
			<string>&lt;group&gt;</string>
		</dict>
		<key>899D22B71D1B8FD100EAC837</key>
		<dict>
			<key>fileEncoding</key>
			<string>4</string>
			<key>isa</key>
			<string>PBXFileReference</string>
			<key>lastKnownFileType</key>
			<string>sourcecode.c.objc</string>
			<key>path</key>
			<string>AFURLRequestSerialization.m</string>
			<key>sourceTree</key>
			<string>&lt;group&gt;</string>
		</dict>
		<key>899D22B81D1B8FD100EAC837</key>
		<dict>
			<key>fileEncoding</key>
			<string>4</string>
			<key>isa</key>
			<string>PBXFileReference</string>
			<key>lastKnownFileType</key>
			<string>sourcecode.c.h</string>
			<key>path</key>
			<string>AFURLResponseSerialization.h</string>
			<key>sourceTree</key>
			<string>&lt;group&gt;</string>
		</dict>
		<key>899D22B91D1B8FD100EAC837</key>
		<dict>
			<key>fileEncoding</key>
			<string>4</string>
			<key>isa</key>
			<string>PBXFileReference</string>
			<key>lastKnownFileType</key>
			<string>sourcecode.c.objc</string>
			<key>path</key>
			<string>AFURLResponseSerialization.m</string>
			<key>sourceTree</key>
			<string>&lt;group&gt;</string>
		</dict>
		<key>899D22BA1D1B8FD100EAC837</key>
		<dict>
			<key>fileEncoding</key>
			<string>4</string>
			<key>isa</key>
			<string>PBXFileReference</string>
			<key>lastKnownFileType</key>
			<string>sourcecode.c.h</string>
			<key>path</key>
			<string>AFURLSessionManager.h</string>
			<key>sourceTree</key>
			<string>&lt;group&gt;</string>
		</dict>
		<key>899D22BB1D1B8FD100EAC837</key>
		<dict>
			<key>fileEncoding</key>
			<string>4</string>
			<key>isa</key>
			<string>PBXFileReference</string>
			<key>lastKnownFileType</key>
			<string>sourcecode.c.objc</string>
			<key>path</key>
			<string>AFURLSessionManager.m</string>
			<key>sourceTree</key>
			<string>&lt;group&gt;</string>
		</dict>
		<key>899D22BC1D1B8FD100EAC837</key>
		<dict>
			<key>children</key>
			<array>
				<string>899D22BD1D1B8FD100EAC837</string>
				<string>899D22BE1D1B8FD100EAC837</string>
				<string>899D22BF1D1B8FD100EAC837</string>
				<string>899D22C01D1B8FD100EAC837</string>
				<string>899D22C11D1B8FD100EAC837</string>
				<string>899D22C21D1B8FD100EAC837</string>
				<string>899D22C31D1B8FD100EAC837</string>
				<string>899D22C41D1B8FD100EAC837</string>
				<string>899D22C51D1B8FD100EAC837</string>
				<string>899D22C61D1B8FD100EAC837</string>
				<string>899D22C71D1B8FD100EAC837</string>
				<string>899D22C81D1B8FD100EAC837</string>
				<string>899D22C91D1B8FD100EAC837</string>
				<string>899D22CA1D1B8FD100EAC837</string>
				<string>899D22CB1D1B8FD100EAC837</string>
				<string>899D22CC1D1B8FD100EAC837</string>
				<string>899D22CD1D1B8FD100EAC837</string>
			</array>
			<key>isa</key>
			<string>PBXGroup</string>
			<key>path</key>
			<string>UIKit+AFNetworking</string>
			<key>sourceTree</key>
			<string>&lt;group&gt;</string>
		</dict>
		<key>899D22BD1D1B8FD100EAC837</key>
		<dict>
			<key>fileEncoding</key>
			<string>4</string>
			<key>isa</key>
			<string>PBXFileReference</string>
			<key>lastKnownFileType</key>
			<string>sourcecode.c.h</string>
			<key>path</key>
			<string>AFNetworkActivityIndicatorManager.h</string>
			<key>sourceTree</key>
			<string>&lt;group&gt;</string>
		</dict>
		<key>899D22BE1D1B8FD100EAC837</key>
		<dict>
			<key>fileEncoding</key>
			<string>4</string>
			<key>isa</key>
			<string>PBXFileReference</string>
			<key>lastKnownFileType</key>
			<string>sourcecode.c.objc</string>
			<key>path</key>
			<string>AFNetworkActivityIndicatorManager.m</string>
			<key>sourceTree</key>
			<string>&lt;group&gt;</string>
		</dict>
		<key>899D22BF1D1B8FD100EAC837</key>
		<dict>
			<key>fileEncoding</key>
			<string>4</string>
			<key>isa</key>
			<string>PBXFileReference</string>
			<key>lastKnownFileType</key>
			<string>sourcecode.c.h</string>
			<key>path</key>
			<string>UIActivityIndicatorView+AFNetworking.h</string>
			<key>sourceTree</key>
			<string>&lt;group&gt;</string>
		</dict>
		<key>899D22C01D1B8FD100EAC837</key>
		<dict>
			<key>fileEncoding</key>
			<string>4</string>
			<key>isa</key>
			<string>PBXFileReference</string>
			<key>lastKnownFileType</key>
			<string>sourcecode.c.objc</string>
			<key>path</key>
			<string>UIActivityIndicatorView+AFNetworking.m</string>
			<key>sourceTree</key>
			<string>&lt;group&gt;</string>
		</dict>
		<key>899D22C11D1B8FD100EAC837</key>
		<dict>
			<key>fileEncoding</key>
			<string>4</string>
			<key>isa</key>
			<string>PBXFileReference</string>
			<key>lastKnownFileType</key>
			<string>sourcecode.c.h</string>
			<key>path</key>
			<string>UIAlertView+AFNetworking.h</string>
			<key>sourceTree</key>
			<string>&lt;group&gt;</string>
		</dict>
		<key>899D22C21D1B8FD100EAC837</key>
		<dict>
			<key>fileEncoding</key>
			<string>4</string>
			<key>isa</key>
			<string>PBXFileReference</string>
			<key>lastKnownFileType</key>
			<string>sourcecode.c.objc</string>
			<key>path</key>
			<string>UIAlertView+AFNetworking.m</string>
			<key>sourceTree</key>
			<string>&lt;group&gt;</string>
		</dict>
		<key>899D22C31D1B8FD100EAC837</key>
		<dict>
			<key>fileEncoding</key>
			<string>4</string>
			<key>isa</key>
			<string>PBXFileReference</string>
			<key>lastKnownFileType</key>
			<string>sourcecode.c.h</string>
			<key>path</key>
			<string>UIButton+AFNetworking.h</string>
			<key>sourceTree</key>
			<string>&lt;group&gt;</string>
		</dict>
		<key>899D22C41D1B8FD100EAC837</key>
		<dict>
			<key>fileEncoding</key>
			<string>4</string>
			<key>isa</key>
			<string>PBXFileReference</string>
			<key>lastKnownFileType</key>
			<string>sourcecode.c.objc</string>
			<key>path</key>
			<string>UIButton+AFNetworking.m</string>
			<key>sourceTree</key>
			<string>&lt;group&gt;</string>
		</dict>
		<key>899D22C51D1B8FD100EAC837</key>
		<dict>
			<key>fileEncoding</key>
			<string>4</string>
			<key>isa</key>
			<string>PBXFileReference</string>
			<key>lastKnownFileType</key>
			<string>sourcecode.c.h</string>
			<key>path</key>
			<string>UIImageView+AFNetworking.h</string>
			<key>sourceTree</key>
			<string>&lt;group&gt;</string>
		</dict>
		<key>899D22C61D1B8FD100EAC837</key>
		<dict>
			<key>fileEncoding</key>
			<string>4</string>
			<key>isa</key>
			<string>PBXFileReference</string>
			<key>lastKnownFileType</key>
			<string>sourcecode.c.objc</string>
			<key>path</key>
			<string>UIImageView+AFNetworking.m</string>
			<key>sourceTree</key>
			<string>&lt;group&gt;</string>
		</dict>
		<key>899D22C71D1B8FD100EAC837</key>
		<dict>
			<key>fileEncoding</key>
			<string>4</string>
			<key>isa</key>
			<string>PBXFileReference</string>
			<key>lastKnownFileType</key>
			<string>sourcecode.c.h</string>
			<key>path</key>
			<string>UIKit+AFNetworking.h</string>
			<key>sourceTree</key>
			<string>&lt;group&gt;</string>
		</dict>
		<key>899D22C81D1B8FD100EAC837</key>
		<dict>
			<key>fileEncoding</key>
			<string>4</string>
			<key>isa</key>
			<string>PBXFileReference</string>
			<key>lastKnownFileType</key>
			<string>sourcecode.c.h</string>
			<key>path</key>
			<string>UIProgressView+AFNetworking.h</string>
			<key>sourceTree</key>
			<string>&lt;group&gt;</string>
		</dict>
		<key>899D22C91D1B8FD100EAC837</key>
		<dict>
			<key>fileEncoding</key>
			<string>4</string>
			<key>isa</key>
			<string>PBXFileReference</string>
			<key>lastKnownFileType</key>
			<string>sourcecode.c.objc</string>
			<key>path</key>
			<string>UIProgressView+AFNetworking.m</string>
			<key>sourceTree</key>
			<string>&lt;group&gt;</string>
		</dict>
		<key>899D22CA1D1B8FD100EAC837</key>
		<dict>
			<key>fileEncoding</key>
			<string>4</string>
			<key>isa</key>
			<string>PBXFileReference</string>
			<key>lastKnownFileType</key>
			<string>sourcecode.c.h</string>
			<key>path</key>
			<string>UIRefreshControl+AFNetworking.h</string>
			<key>sourceTree</key>
			<string>&lt;group&gt;</string>
		</dict>
		<key>899D22CB1D1B8FD100EAC837</key>
		<dict>
			<key>fileEncoding</key>
			<string>4</string>
			<key>isa</key>
			<string>PBXFileReference</string>
			<key>lastKnownFileType</key>
			<string>sourcecode.c.objc</string>
			<key>path</key>
			<string>UIRefreshControl+AFNetworking.m</string>
			<key>sourceTree</key>
			<string>&lt;group&gt;</string>
		</dict>
		<key>899D22CC1D1B8FD100EAC837</key>
		<dict>
			<key>fileEncoding</key>
			<string>4</string>
			<key>isa</key>
			<string>PBXFileReference</string>
			<key>lastKnownFileType</key>
			<string>sourcecode.c.h</string>
			<key>path</key>
			<string>UIWebView+AFNetworking.h</string>
			<key>sourceTree</key>
			<string>&lt;group&gt;</string>
		</dict>
		<key>899D22CD1D1B8FD100EAC837</key>
		<dict>
			<key>fileEncoding</key>
			<string>4</string>
			<key>isa</key>
			<string>PBXFileReference</string>
			<key>lastKnownFileType</key>
			<string>sourcecode.c.objc</string>
			<key>path</key>
			<string>UIWebView+AFNetworking.m</string>
			<key>sourceTree</key>
			<string>&lt;group&gt;</string>
		</dict>
		<key>899D22CE1D1B8FD100EAC837</key>
		<dict>
			<key>children</key>
			<array>
				<string>899D22CF1D1B8FD100EAC837</string>
				<string>899D22D01D1B8FD100EAC837</string>
				<string>899D22D11D1B8FD100EAC837</string>
				<string>899D22D21D1B8FD100EAC837</string>
				<string>899D22D31D1B8FD100EAC837</string>
				<string>899D22D41D1B8FD100EAC837</string>
				<string>899D22D51D1B8FD100EAC837</string>
				<string>899D22D61D1B8FD100EAC837</string>
				<string>899D22D71D1B8FD100EAC837</string>
				<string>899D22D81D1B8FD100EAC837</string>
				<string>899D22D91D1B8FD100EAC837</string>
				<string>899D22DA1D1B8FD100EAC837</string>
				<string>899D22DB1D1B8FD100EAC837</string>
				<string>899D22DC1D1B8FD100EAC837</string>
				<string>899D22DD1D1B8FD100EAC837</string>
				<string>899D22DE1D1B8FD100EAC837</string>
				<string>899D22DF1D1B8FD100EAC837</string>
				<string>899D22E01D1B8FD100EAC837</string>
			</array>
			<key>isa</key>
			<string>PBXGroup</string>
			<key>path</key>
			<string>YTKNetwork</string>
			<key>sourceTree</key>
			<string>&lt;group&gt;</string>
		</dict>
		<key>899D22CF1D1B8FD100EAC837</key>
		<dict>
			<key>fileEncoding</key>
			<string>4</string>
			<key>isa</key>
			<string>PBXFileReference</string>
			<key>lastKnownFileType</key>
			<string>sourcecode.c.h</string>
			<key>path</key>
			<string>YTKBaseRequest.h</string>
			<key>sourceTree</key>
			<string>&lt;group&gt;</string>
		</dict>
		<key>899D22D01D1B8FD100EAC837</key>
		<dict>
			<key>fileEncoding</key>
			<string>4</string>
			<key>isa</key>
			<string>PBXFileReference</string>
			<key>lastKnownFileType</key>
			<string>sourcecode.c.objc</string>
			<key>path</key>
			<string>YTKBaseRequest.m</string>
			<key>sourceTree</key>
			<string>&lt;group&gt;</string>
		</dict>
		<key>899D22D11D1B8FD100EAC837</key>
		<dict>
			<key>fileEncoding</key>
			<string>4</string>
			<key>isa</key>
			<string>PBXFileReference</string>
			<key>lastKnownFileType</key>
			<string>sourcecode.c.h</string>
			<key>path</key>
			<string>YTKBatchRequest.h</string>
			<key>sourceTree</key>
			<string>&lt;group&gt;</string>
		</dict>
		<key>899D22D21D1B8FD100EAC837</key>
		<dict>
			<key>fileEncoding</key>
			<string>4</string>
			<key>isa</key>
			<string>PBXFileReference</string>
			<key>lastKnownFileType</key>
			<string>sourcecode.c.objc</string>
			<key>path</key>
			<string>YTKBatchRequest.m</string>
			<key>sourceTree</key>
			<string>&lt;group&gt;</string>
		</dict>
		<key>899D22D31D1B8FD100EAC837</key>
		<dict>
			<key>fileEncoding</key>
			<string>4</string>
			<key>isa</key>
			<string>PBXFileReference</string>
			<key>lastKnownFileType</key>
			<string>sourcecode.c.h</string>
			<key>path</key>
			<string>YTKBatchRequestAgent.h</string>
			<key>sourceTree</key>
			<string>&lt;group&gt;</string>
		</dict>
		<key>899D22D41D1B8FD100EAC837</key>
		<dict>
			<key>fileEncoding</key>
			<string>4</string>
			<key>isa</key>
			<string>PBXFileReference</string>
			<key>lastKnownFileType</key>
			<string>sourcecode.c.objc</string>
			<key>path</key>
			<string>YTKBatchRequestAgent.m</string>
			<key>sourceTree</key>
			<string>&lt;group&gt;</string>
		</dict>
		<key>899D22D51D1B8FD100EAC837</key>
		<dict>
			<key>fileEncoding</key>
			<string>4</string>
			<key>isa</key>
			<string>PBXFileReference</string>
			<key>lastKnownFileType</key>
			<string>sourcecode.c.h</string>
			<key>path</key>
			<string>YTKChainRequest.h</string>
			<key>sourceTree</key>
			<string>&lt;group&gt;</string>
		</dict>
		<key>899D22D61D1B8FD100EAC837</key>
		<dict>
			<key>fileEncoding</key>
			<string>4</string>
			<key>isa</key>
			<string>PBXFileReference</string>
			<key>lastKnownFileType</key>
			<string>sourcecode.c.objc</string>
			<key>path</key>
			<string>YTKChainRequest.m</string>
			<key>sourceTree</key>
			<string>&lt;group&gt;</string>
		</dict>
		<key>899D22D71D1B8FD100EAC837</key>
		<dict>
			<key>fileEncoding</key>
			<string>4</string>
			<key>isa</key>
			<string>PBXFileReference</string>
			<key>lastKnownFileType</key>
			<string>sourcecode.c.h</string>
			<key>path</key>
			<string>YTKChainRequestAgent.h</string>
			<key>sourceTree</key>
			<string>&lt;group&gt;</string>
		</dict>
		<key>899D22D81D1B8FD100EAC837</key>
		<dict>
			<key>fileEncoding</key>
			<string>4</string>
			<key>isa</key>
			<string>PBXFileReference</string>
			<key>lastKnownFileType</key>
			<string>sourcecode.c.objc</string>
			<key>path</key>
			<string>YTKChainRequestAgent.m</string>
			<key>sourceTree</key>
			<string>&lt;group&gt;</string>
		</dict>
		<key>899D22D91D1B8FD100EAC837</key>
		<dict>
			<key>fileEncoding</key>
			<string>4</string>
			<key>isa</key>
			<string>PBXFileReference</string>
			<key>lastKnownFileType</key>
			<string>sourcecode.c.h</string>
			<key>path</key>
			<string>YTKNetworkAgent.h</string>
			<key>sourceTree</key>
			<string>&lt;group&gt;</string>
		</dict>
		<key>899D22DA1D1B8FD100EAC837</key>
		<dict>
			<key>fileEncoding</key>
			<string>4</string>
			<key>isa</key>
			<string>PBXFileReference</string>
			<key>lastKnownFileType</key>
			<string>sourcecode.c.objc</string>
			<key>path</key>
			<string>YTKNetworkAgent.m</string>
			<key>sourceTree</key>
			<string>&lt;group&gt;</string>
		</dict>
		<key>899D22DB1D1B8FD100EAC837</key>
		<dict>
			<key>fileEncoding</key>
			<string>4</string>
			<key>isa</key>
			<string>PBXFileReference</string>
			<key>lastKnownFileType</key>
			<string>sourcecode.c.h</string>
			<key>path</key>
			<string>YTKNetworkConfig.h</string>
			<key>sourceTree</key>
			<string>&lt;group&gt;</string>
		</dict>
		<key>899D22DC1D1B8FD100EAC837</key>
		<dict>
			<key>fileEncoding</key>
			<string>4</string>
			<key>isa</key>
			<string>PBXFileReference</string>
			<key>lastKnownFileType</key>
			<string>sourcecode.c.objc</string>
			<key>path</key>
			<string>YTKNetworkConfig.m</string>
			<key>sourceTree</key>
			<string>&lt;group&gt;</string>
		</dict>
		<key>899D22DD1D1B8FD100EAC837</key>
		<dict>
			<key>fileEncoding</key>
			<string>4</string>
			<key>isa</key>
			<string>PBXFileReference</string>
			<key>lastKnownFileType</key>
			<string>sourcecode.c.h</string>
			<key>path</key>
			<string>YTKNetworkPrivate.h</string>
			<key>sourceTree</key>
			<string>&lt;group&gt;</string>
		</dict>
		<key>899D22DE1D1B8FD100EAC837</key>
		<dict>
			<key>fileEncoding</key>
			<string>4</string>
			<key>isa</key>
			<string>PBXFileReference</string>
			<key>lastKnownFileType</key>
			<string>sourcecode.c.objc</string>
			<key>path</key>
			<string>YTKNetworkPrivate.m</string>
			<key>sourceTree</key>
			<string>&lt;group&gt;</string>
		</dict>
		<key>899D22DF1D1B8FD100EAC837</key>
		<dict>
			<key>fileEncoding</key>
			<string>4</string>
			<key>isa</key>
			<string>PBXFileReference</string>
			<key>lastKnownFileType</key>
			<string>sourcecode.c.h</string>
			<key>path</key>
			<string>YTKRequest.h</string>
			<key>sourceTree</key>
			<string>&lt;group&gt;</string>
		</dict>
		<key>899D22E01D1B8FD100EAC837</key>
		<dict>
			<key>fileEncoding</key>
			<string>4</string>
			<key>isa</key>
			<string>PBXFileReference</string>
			<key>lastKnownFileType</key>
			<string>sourcecode.c.objc</string>
			<key>path</key>
			<string>YTKRequest.m</string>
			<key>sourceTree</key>
			<string>&lt;group&gt;</string>
		</dict>
		<key>899D22E11D1B8FD100EAC837</key>
		<dict>
			<key>fileRef</key>
			<string>899D22A81D1B8FD100EAC837</string>
			<key>isa</key>
			<string>PBXBuildFile</string>
		</dict>
		<key>899D22E21D1B8FD100EAC837</key>
		<dict>
			<key>fileRef</key>
			<string>899D22AA1D1B8FD100EAC837</string>
			<key>isa</key>
			<string>PBXBuildFile</string>
		</dict>
		<key>899D22E31D1B8FD100EAC837</key>
		<dict>
			<key>fileRef</key>
			<string>899D22AC1D1B8FD100EAC837</string>
			<key>isa</key>
			<string>PBXBuildFile</string>
		</dict>
		<key>899D22E41D1B8FD100EAC837</key>
		<dict>
			<key>fileRef</key>
			<string>899D22AE1D1B8FD100EAC837</string>
			<key>isa</key>
			<string>PBXBuildFile</string>
		</dict>
		<key>899D22E51D1B8FD100EAC837</key>
		<dict>
			<key>fileRef</key>
			<string>899D22B11D1B8FD100EAC837</string>
			<key>isa</key>
			<string>PBXBuildFile</string>
		</dict>
		<key>899D22E61D1B8FD100EAC837</key>
		<dict>
			<key>fileRef</key>
			<string>899D22B31D1B8FD100EAC837</string>
			<key>isa</key>
			<string>PBXBuildFile</string>
		</dict>
		<key>899D22E71D1B8FD100EAC837</key>
		<dict>
			<key>fileRef</key>
			<string>899D22B51D1B8FD100EAC837</string>
			<key>isa</key>
			<string>PBXBuildFile</string>
		</dict>
		<key>899D22E81D1B8FD100EAC837</key>
		<dict>
			<key>fileRef</key>
			<string>899D22B71D1B8FD100EAC837</string>
			<key>isa</key>
			<string>PBXBuildFile</string>
		</dict>
		<key>899D22E91D1B8FD100EAC837</key>
		<dict>
			<key>fileRef</key>
			<string>899D22B91D1B8FD100EAC837</string>
			<key>isa</key>
			<string>PBXBuildFile</string>
		</dict>
		<key>899D22EA1D1B8FD100EAC837</key>
		<dict>
			<key>fileRef</key>
			<string>899D22BB1D1B8FD100EAC837</string>
			<key>isa</key>
			<string>PBXBuildFile</string>
		</dict>
		<key>899D22EB1D1B8FD100EAC837</key>
		<dict>
			<key>fileRef</key>
			<string>899D22BE1D1B8FD100EAC837</string>
			<key>isa</key>
			<string>PBXBuildFile</string>
		</dict>
		<key>899D22EC1D1B8FD100EAC837</key>
		<dict>
			<key>fileRef</key>
			<string>899D22C01D1B8FD100EAC837</string>
			<key>isa</key>
			<string>PBXBuildFile</string>
		</dict>
		<key>899D22ED1D1B8FD100EAC837</key>
		<dict>
			<key>fileRef</key>
			<string>899D22C21D1B8FD100EAC837</string>
			<key>isa</key>
			<string>PBXBuildFile</string>
		</dict>
		<key>899D22EE1D1B8FD100EAC837</key>
		<dict>
			<key>fileRef</key>
			<string>899D22C41D1B8FD100EAC837</string>
			<key>isa</key>
			<string>PBXBuildFile</string>
		</dict>
		<key>899D22EF1D1B8FD100EAC837</key>
		<dict>
			<key>fileRef</key>
			<string>899D22C61D1B8FD100EAC837</string>
			<key>isa</key>
			<string>PBXBuildFile</string>
		</dict>
		<key>899D22F01D1B8FD100EAC837</key>
		<dict>
			<key>fileRef</key>
			<string>899D22C91D1B8FD100EAC837</string>
			<key>isa</key>
			<string>PBXBuildFile</string>
		</dict>
		<key>899D22F11D1B8FD100EAC837</key>
		<dict>
			<key>fileRef</key>
			<string>899D22CB1D1B8FD100EAC837</string>
			<key>isa</key>
			<string>PBXBuildFile</string>
		</dict>
		<key>899D22F21D1B8FD100EAC837</key>
		<dict>
			<key>fileRef</key>
			<string>899D22CD1D1B8FD100EAC837</string>
			<key>isa</key>
			<string>PBXBuildFile</string>
		</dict>
		<key>899D22F31D1B8FD100EAC837</key>
		<dict>
			<key>fileRef</key>
			<string>899D22D01D1B8FD100EAC837</string>
			<key>isa</key>
			<string>PBXBuildFile</string>
		</dict>
		<key>899D22F41D1B8FD100EAC837</key>
		<dict>
			<key>fileRef</key>
			<string>899D22D21D1B8FD100EAC837</string>
			<key>isa</key>
			<string>PBXBuildFile</string>
		</dict>
		<key>899D22F51D1B8FD100EAC837</key>
		<dict>
			<key>fileRef</key>
			<string>899D22D41D1B8FD100EAC837</string>
			<key>isa</key>
			<string>PBXBuildFile</string>
		</dict>
		<key>899D22F61D1B8FD100EAC837</key>
		<dict>
			<key>fileRef</key>
			<string>899D22D61D1B8FD100EAC837</string>
			<key>isa</key>
			<string>PBXBuildFile</string>
		</dict>
		<key>899D22F71D1B8FD100EAC837</key>
		<dict>
			<key>fileRef</key>
			<string>899D22D81D1B8FD100EAC837</string>
			<key>isa</key>
			<string>PBXBuildFile</string>
		</dict>
		<key>899D22F81D1B8FD100EAC837</key>
		<dict>
			<key>fileRef</key>
			<string>899D22DA1D1B8FD100EAC837</string>
			<key>isa</key>
			<string>PBXBuildFile</string>
		</dict>
		<key>899D22F91D1B8FD100EAC837</key>
		<dict>
			<key>fileRef</key>
			<string>899D22DC1D1B8FD100EAC837</string>
			<key>isa</key>
			<string>PBXBuildFile</string>
		</dict>
		<key>899D22FA1D1B8FD100EAC837</key>
		<dict>
			<key>fileRef</key>
			<string>899D22DE1D1B8FD100EAC837</string>
			<key>isa</key>
			<string>PBXBuildFile</string>
		</dict>
		<key>899D22FB1D1B8FD100EAC837</key>
		<dict>
			<key>fileRef</key>
			<string>899D22E01D1B8FD100EAC837</string>
			<key>isa</key>
			<string>PBXBuildFile</string>
		</dict>
		<key>899D22FC1D1B99D200EAC837</key>
		<dict>
			<key>children</key>
			<array>
				<string>89DE4BF41D2525F400E55ADA</string>
				<string>89DE4BF51D2525F400E55ADA</string>
				<string>89CF78C61D266DB700B01B97</string>
				<string>89CF78C71D266DB700B01B97</string>
				<string>891C5FC01D1D104300212390</string>
				<string>891C5FC11D1D104300212390</string>
				<string>899D23011D1BB87400EAC837</string>
				<string>899D23021D1BB87400EAC837</string>
				<string>899D22FE1D1B9C6600EAC837</string>
				<string>899D22FF1D1B9C6600EAC837</string>
			</array>
			<key>isa</key>
			<string>PBXGroup</string>
			<key>path</key>
			<string>RequestAPI</string>
			<key>sourceTree</key>
			<string>&lt;group&gt;</string>
		</dict>
		<key>899D22FD1D1B99ED00EAC837</key>
		<dict>
			<key>children</key>
			<array>
				<string>899D222F1D1B8E4F00EAC837</string>
				<string>899D22341D1B8E4F00EAC837</string>
				<string>899D22311D1B8E4F00EAC837</string>
				<string>899D222C1D1B8E4F00EAC837</string>
			</array>
			<key>isa</key>
			<string>PBXGroup</string>
			<key>path</key>
			<string>Otehrs</string>
			<key>sourceTree</key>
			<string>&lt;group&gt;</string>
		</dict>
		<key>899D22FE1D1B9C6600EAC837</key>
		<dict>
			<key>fileEncoding</key>
			<string>4</string>
			<key>isa</key>
			<string>PBXFileReference</string>
			<key>lastKnownFileType</key>
			<string>sourcecode.c.h</string>
			<key>path</key>
			<string>LLYTKUrlCommonParamsFilter.h</string>
			<key>sourceTree</key>
			<string>&lt;group&gt;</string>
		</dict>
		<key>899D22FF1D1B9C6600EAC837</key>
		<dict>
			<key>fileEncoding</key>
			<string>4</string>
			<key>isa</key>
			<string>PBXFileReference</string>
			<key>lastKnownFileType</key>
			<string>sourcecode.c.objc</string>
			<key>path</key>
			<string>LLYTKUrlCommonParamsFilter.m</string>
			<key>sourceTree</key>
			<string>&lt;group&gt;</string>
		</dict>
		<key>899D23001D1B9C6600EAC837</key>
		<dict>
			<key>fileRef</key>
			<string>899D22FF1D1B9C6600EAC837</string>
			<key>isa</key>
			<string>PBXBuildFile</string>
		</dict>
		<key>899D23011D1BB87400EAC837</key>
		<dict>
			<key>fileEncoding</key>
			<string>4</string>
			<key>isa</key>
			<string>PBXFileReference</string>
			<key>lastKnownFileType</key>
			<string>sourcecode.c.h</string>
			<key>path</key>
			<string>LLYTKLoginApi.h</string>
			<key>sourceTree</key>
			<string>&lt;group&gt;</string>
		</dict>
		<key>899D23021D1BB87400EAC837</key>
		<dict>
			<key>fileEncoding</key>
			<string>4</string>
			<key>isa</key>
			<string>PBXFileReference</string>
			<key>lastKnownFileType</key>
			<string>sourcecode.c.objc</string>
			<key>path</key>
			<string>LLYTKLoginApi.m</string>
			<key>sourceTree</key>
			<string>&lt;group&gt;</string>
		</dict>
		<key>899D23031D1BB87400EAC837</key>
		<dict>
			<key>fileRef</key>
			<string>899D23021D1BB87400EAC837</string>
			<key>isa</key>
			<string>PBXBuildFile</string>
		</dict>
		<key>89CF78C61D266DB700B01B97</key>
		<dict>
			<key>fileEncoding</key>
			<string>4</string>
			<key>isa</key>
			<string>PBXFileReference</string>
			<key>lastKnownFileType</key>
			<string>sourcecode.c.h</string>
			<key>path</key>
			<string>LLUploadOnePictureApi.h</string>
			<key>sourceTree</key>
			<string>&lt;group&gt;</string>
		</dict>
		<key>89CF78C71D266DB700B01B97</key>
		<dict>
			<key>fileEncoding</key>
			<string>4</string>
			<key>isa</key>
			<string>PBXFileReference</string>
			<key>lastKnownFileType</key>
			<string>sourcecode.c.objc</string>
			<key>path</key>
			<string>LLUploadOnePictureApi.m</string>
			<key>sourceTree</key>
			<string>&lt;group&gt;</string>
		</dict>
		<key>89CF78C81D266DB700B01B97</key>
		<dict>
			<key>fileRef</key>
			<string>89CF78C71D266DB700B01B97</string>
			<key>isa</key>
			<string>PBXBuildFile</string>
		</dict>
		<key>89CF78C91D266FA300B01B97</key>
		<dict>
			<key>isa</key>
			<string>PBXFileReference</string>
			<key>lastKnownFileType</key>
			<string>image.png</string>
			<key>path</key>
			<string>1.png</string>
			<key>sourceTree</key>
			<string>&lt;group&gt;</string>
		</dict>
		<key>89CF78CA1D266FA300B01B97</key>
		<dict>
			<key>isa</key>
			<string>PBXFileReference</string>
			<key>lastKnownFileType</key>
			<string>image.png</string>
			<key>path</key>
			<string>2.png</string>
			<key>sourceTree</key>
			<string>&lt;group&gt;</string>
		</dict>
		<key>89CF78CB1D266FA300B01B97</key>
		<dict>
			<key>isa</key>
			<string>PBXFileReference</string>
			<key>lastKnownFileType</key>
			<string>image.png</string>
			<key>path</key>
			<string>3.png</string>
			<key>sourceTree</key>
			<string>&lt;group&gt;</string>
		</dict>
		<key>89CF78CC1D266FA300B01B97</key>
		<dict>
			<key>isa</key>
			<string>PBXFileReference</string>
			<key>lastKnownFileType</key>
			<string>image.png</string>
			<key>path</key>
			<string>4.png</string>
			<key>sourceTree</key>
			<string>&lt;group&gt;</string>
		</dict>
		<key>89CF78CD1D266FA300B01B97</key>
		<dict>
			<key>isa</key>
			<string>PBXFileReference</string>
			<key>lastKnownFileType</key>
			<string>image.png</string>
			<key>path</key>
			<string>5.png</string>
			<key>sourceTree</key>
			<string>&lt;group&gt;</string>
		</dict>
		<key>89CF78CE1D266FA300B01B97</key>
		<dict>
			<key>isa</key>
			<string>PBXFileReference</string>
			<key>lastKnownFileType</key>
			<string>image.png</string>
			<key>path</key>
			<string>6.png</string>
			<key>sourceTree</key>
			<string>&lt;group&gt;</string>
		</dict>
		<key>89CF78CF1D266FA300B01B97</key>
		<dict>
			<key>isa</key>
			<string>PBXFileReference</string>
			<key>lastKnownFileType</key>
			<string>image.png</string>
			<key>path</key>
			<string>7.png</string>
			<key>sourceTree</key>
			<string>&lt;group&gt;</string>
		</dict>
		<key>89CF78D01D266FA300B01B97</key>
		<dict>
			<key>isa</key>
			<string>PBXFileReference</string>
			<key>lastKnownFileType</key>
			<string>image.png</string>
			<key>path</key>
			<string>8.png</string>
			<key>sourceTree</key>
			<string>&lt;group&gt;</string>
		</dict>
		<key>89CF78D11D266FA300B01B97</key>
		<dict>
			<key>isa</key>
			<string>PBXFileReference</string>
			<key>lastKnownFileType</key>
			<string>image.png</string>
			<key>path</key>
			<string>9.png</string>
			<key>sourceTree</key>
			<string>&lt;group&gt;</string>
		</dict>
		<key>89CF78D21D266FA300B01B97</key>
		<dict>
			<key>fileRef</key>
			<string>89CF78C91D266FA300B01B97</string>
			<key>isa</key>
			<string>PBXBuildFile</string>
		</dict>
		<key>89CF78D31D266FA300B01B97</key>
		<dict>
			<key>fileRef</key>
			<string>89CF78CA1D266FA300B01B97</string>
			<key>isa</key>
			<string>PBXBuildFile</string>
		</dict>
		<key>89CF78D41D266FA300B01B97</key>
		<dict>
			<key>fileRef</key>
			<string>89CF78CB1D266FA300B01B97</string>
			<key>isa</key>
			<string>PBXBuildFile</string>
		</dict>
		<key>89CF78D51D266FA300B01B97</key>
		<dict>
			<key>fileRef</key>
			<string>89CF78CC1D266FA300B01B97</string>
			<key>isa</key>
			<string>PBXBuildFile</string>
		</dict>
		<key>89CF78D61D266FA300B01B97</key>
		<dict>
			<key>fileRef</key>
			<string>89CF78CD1D266FA300B01B97</string>
			<key>isa</key>
			<string>PBXBuildFile</string>
		</dict>
		<key>89CF78D71D266FA300B01B97</key>
		<dict>
			<key>fileRef</key>
			<string>89CF78CE1D266FA300B01B97</string>
			<key>isa</key>
			<string>PBXBuildFile</string>
		</dict>
		<key>89CF78D81D266FA300B01B97</key>
		<dict>
			<key>fileRef</key>
			<string>89CF78CF1D266FA300B01B97</string>
			<key>isa</key>
			<string>PBXBuildFile</string>
		</dict>
		<key>89CF78D91D266FA300B01B97</key>
		<dict>
			<key>fileRef</key>
			<string>89CF78D01D266FA300B01B97</string>
			<key>isa</key>
			<string>PBXBuildFile</string>
		</dict>
		<key>89CF78DA1D266FA300B01B97</key>
		<dict>
			<key>fileRef</key>
			<string>89CF78D11D266FA300B01B97</string>
			<key>isa</key>
			<string>PBXBuildFile</string>
		</dict>
		<key>89CF78DB1D2670AE00B01B97</key>
		<dict>
			<key>fileEncoding</key>
			<string>4</string>
			<key>isa</key>
			<string>PBXFileReference</string>
			<key>lastKnownFileType</key>
			<string>sourcecode.c.h</string>
			<key>path</key>
			<string>NSArray+Log.h</string>
			<key>sourceTree</key>
			<string>&lt;group&gt;</string>
		</dict>
		<key>89CF78DC1D2670AE00B01B97</key>
		<dict>
			<key>fileEncoding</key>
			<string>4</string>
			<key>isa</key>
			<string>PBXFileReference</string>
			<key>lastKnownFileType</key>
			<string>sourcecode.c.objc</string>
			<key>path</key>
			<string>NSArray+Log.m</string>
			<key>sourceTree</key>
			<string>&lt;group&gt;</string>
		</dict>
		<key>89CF78DD1D2670AE00B01B97</key>
		<dict>
			<key>fileRef</key>
			<string>89CF78DC1D2670AE00B01B97</string>
			<key>isa</key>
			<string>PBXBuildFile</string>
		</dict>
		<key>89CF78DE1D26727F00B01B97</key>
		<dict>
			<key>fileEncoding</key>
			<string>4</string>
			<key>isa</key>
			<string>PBXFileReference</string>
			<key>lastKnownFileType</key>
			<string>sourcecode.c.h</string>
			<key>path</key>
			<string>MenuView.h</string>
			<key>sourceTree</key>
			<string>&lt;group&gt;</string>
		</dict>
		<key>89CF78DF1D26727F00B01B97</key>
		<dict>
			<key>fileEncoding</key>
			<string>4</string>
			<key>isa</key>
			<string>PBXFileReference</string>
			<key>lastKnownFileType</key>
			<string>sourcecode.c.objc</string>
			<key>path</key>
			<string>MenuView.m</string>
			<key>sourceTree</key>
			<string>&lt;group&gt;</string>
		</dict>
		<key>89CF78E01D26727F00B01B97</key>
		<dict>
			<key>fileRef</key>
			<string>89CF78DF1D26727F00B01B97</string>
			<key>isa</key>
			<string>PBXBuildFile</string>
		</dict>
		<key>89DE4BF41D2525F400E55ADA</key>
		<dict>
			<key>fileEncoding</key>
			<string>4</string>
			<key>isa</key>
			<string>PBXFileReference</string>
			<key>lastKnownFileType</key>
			<string>sourcecode.c.h</string>
			<key>path</key>
			<string>LLDoSignApi.h</string>
			<key>sourceTree</key>
			<string>&lt;group&gt;</string>
		</dict>
		<key>89DE4BF51D2525F400E55ADA</key>
		<dict>
			<key>fileEncoding</key>
			<string>4</string>
			<key>isa</key>
			<string>PBXFileReference</string>
			<key>lastKnownFileType</key>
			<string>sourcecode.c.objc</string>
			<key>path</key>
			<string>LLDoSignApi.m</string>
			<key>sourceTree</key>
			<string>&lt;group&gt;</string>
		</dict>
		<key>89DE4BF61D2525F400E55ADA</key>
		<dict>
			<key>fileRef</key>
			<string>89DE4BF51D2525F400E55ADA</string>
			<key>isa</key>
			<string>PBXBuildFile</string>
		</dict>
	</dict>
	<key>rootObject</key>
	<string>899D22181D1B8E4F00EAC837</string>
</dict>
</plist>
