<?xml version="1.0" encoding="UTF-8"?>
<!DOCTYPE plist PUBLIC "-//Apple//DTD PLIST 1.0//EN" "http://www.apple.com/DTDs/PropertyList-1.0.dtd">
<plist version="1.0">
<dict>
	<key>archiveVersion</key>
	<string>1</string>
	<key>classes</key>
	<dict/>
	<key>objectVersion</key>
	<string>46</string>
	<key>objects</key>
	<dict>
		<key>53D49A2965CE747E024945C4</key>
		<dict>
			<key>includeInIndex</key>
			<string>1</string>
			<key>isa</key>
			<string>PBXFileReference</string>
			<key>lastKnownFileType</key>
			<string>text.xcconfig</string>
			<key>name</key>
			<string>Pods-ZCNetworking.release.xcconfig</string>
			<key>path</key>
			<string>Pods/Target Support Files/Pods-ZCNetworking/Pods-ZCNetworking.release.xcconfig</string>
			<key>sourceTree</key>
			<string>&lt;group&gt;</string>
		</dict>
		<key>56024ABA1CC77DD4002F07B4</key>
		<dict>
			<key>fileEncoding</key>
			<string>4</string>
			<key>isa</key>
			<string>PBXFileReference</string>
			<key>lastKnownFileType</key>
			<string>sourcecode.c.h</string>
			<key>path</key>
			<string>ZCApiUploadAction.h</string>
			<key>sourceTree</key>
			<string>&lt;group&gt;</string>
		</dict>
		<key>56024ABB1CC77DD4002F07B4</key>
		<dict>
			<key>fileEncoding</key>
			<string>4</string>
			<key>isa</key>
			<string>PBXFileReference</string>
			<key>lastKnownFileType</key>
			<string>sourcecode.c.objc</string>
			<key>path</key>
			<string>ZCApiUploadAction.m</string>
			<key>sourceTree</key>
			<string>&lt;group&gt;</string>
		</dict>
		<key>56024ABC1CC77DD4002F07B4</key>
		<dict>
			<key>fileRef</key>
			<string>56024ABB1CC77DD4002F07B4</string>
			<key>isa</key>
			<string>PBXBuildFile</string>
		</dict>
		<key>56A598401D0422120028A6A1</key>
		<dict>
			<key>fileEncoding</key>
			<string>4</string>
			<key>isa</key>
			<string>PBXFileReference</string>
			<key>lastKnownFileType</key>
			<string>sourcecode.c.h</string>
			<key>path</key>
			<string>ZCChainProcessor.h</string>
			<key>sourceTree</key>
			<string>&lt;group&gt;</string>
		</dict>
		<key>56A598411D0422120028A6A1</key>
		<dict>
			<key>fileEncoding</key>
			<string>4</string>
			<key>isa</key>
			<string>PBXFileReference</string>
			<key>lastKnownFileType</key>
			<string>sourcecode.c.objc</string>
			<key>path</key>
			<string>ZCChainProcessor.m</string>
			<key>sourceTree</key>
			<string>&lt;group&gt;</string>
		</dict>
		<key>56A598421D0422120028A6A1</key>
		<dict>
			<key>fileRef</key>
			<string>56A598411D0422120028A6A1</string>
			<key>isa</key>
			<string>PBXBuildFile</string>
		</dict>
		<key>56C7105F1CC87B2E0040E3E9</key>
		<dict>
			<key>fileEncoding</key>
			<string>4</string>
			<key>isa</key>
			<string>PBXFileReference</string>
			<key>lastKnownFileType</key>
			<string>sourcecode.c.h</string>
			<key>path</key>
			<string>ZCApiDownloadAction.h</string>
			<key>sourceTree</key>
			<string>&lt;group&gt;</string>
		</dict>
		<key>56C710601CC87B2E0040E3E9</key>
		<dict>
			<key>fileEncoding</key>
			<string>4</string>
			<key>isa</key>
			<string>PBXFileReference</string>
			<key>lastKnownFileType</key>
			<string>sourcecode.c.objc</string>
			<key>path</key>
			<string>ZCApiDownloadAction.m</string>
			<key>sourceTree</key>
			<string>&lt;group&gt;</string>
		</dict>
		<key>56C710611CC87B2E0040E3E9</key>
		<dict>
			<key>fileRef</key>
			<string>56C710601CC87B2E0040E3E9</string>
			<key>isa</key>
			<string>PBXBuildFile</string>
		</dict>
		<key>56C710621CC88C110040E3E9</key>
		<dict>
			<key>isa</key>
			<string>PBXFileReference</string>
			<key>lastKnownFileType</key>
			<string>sourcecode.c.h</string>
			<key>path</key>
			<string>ZCApiLauncher.h</string>
			<key>sourceTree</key>
			<string>&lt;group&gt;</string>
		</dict>
		<key>56CCAEC61CC0CDB1006227A9</key>
		<dict>
			<key>children</key>
			<array>
				<string>D9E29185239944755C2D4763</string>
				<string>AAE59F3BC4A5285DC6F00A2E</string>
				<string>56CCAED01CC0CDB1006227A9</string>
				<string>56CCAED11CC0CDB1006227A9</string>
				<string>56CCAEEB1CC0CDB1006227A9</string>
				<string>56CCAEF61CC0CDB1006227A9</string>
			</array>
			<key>isa</key>
			<string>PBXGroup</string>
			<key>sourceTree</key>
			<string>&lt;group&gt;</string>
		</dict>
		<key>56CCAEC71CC0CDB1006227A9</key>
		<dict>
			<key>attributes</key>
			<dict>
				<key>LastUpgradeCheck</key>
				<string>0730</string>
				<key>ORGANIZATIONNAME</key>
				<string>charles</string>
				<key>TargetAttributes</key>
				<dict>
					<key>56CCAECE1CC0CDB1006227A9</key>
					<dict>
						<key>CreatedOnToolsVersion</key>
						<string>7.3</string>
					</dict>
					<key>56CCAEE71CC0CDB1006227A9</key>
					<dict>
						<key>CreatedOnToolsVersion</key>
						<string>7.3</string>
						<key>TestTargetID</key>
						<string>56CCAECE1CC0CDB1006227A9</string>
					</dict>
					<key>56CCAEF21CC0CDB1006227A9</key>
					<dict>
						<key>CreatedOnToolsVersion</key>
						<string>7.3</string>
						<key>TestTargetID</key>
						<string>56CCAECE1CC0CDB1006227A9</string>
					</dict>
				</dict>
			</dict>
			<key>buildConfigurationList</key>
			<string>56CCAECA1CC0CDB1006227A9</string>
			<key>compatibilityVersion</key>
			<string>Xcode 3.2</string>
			<key>developmentRegion</key>
			<string>English</string>
			<key>hasScannedForEncodings</key>
			<string>0</string>
			<key>isa</key>
			<string>PBXProject</string>
			<key>knownRegions</key>
			<array>
				<string>en</string>
				<string>Base</string>
			</array>
			<key>mainGroup</key>
			<string>56CCAEC61CC0CDB1006227A9</string>
			<key>productRefGroup</key>
			<string>56CCAED01CC0CDB1006227A9</string>
			<key>projectDirPath</key>
			<string></string>
			<key>projectReferences</key>
			<array/>
			<key>projectRoot</key>
			<string></string>
			<key>targets</key>
			<array>
				<string>56CCAECE1CC0CDB1006227A9</string>
				<string>56CCAEE71CC0CDB1006227A9</string>
				<string>56CCAEF21CC0CDB1006227A9</string>
			</array>
		</dict>
		<key>56CCAECA1CC0CDB1006227A9</key>
		<dict>
			<key>buildConfigurations</key>
			<array>
				<string>56CCAEFA1CC0CDB1006227A9</string>
				<string>56CCAEFB1CC0CDB1006227A9</string>
			</array>
			<key>defaultConfigurationIsVisible</key>
			<string>0</string>
			<key>defaultConfigurationName</key>
			<string>Release</string>
			<key>isa</key>
			<string>XCConfigurationList</string>
		</dict>
		<key>56CCAECB1CC0CDB1006227A9</key>
		<dict>
			<key>buildActionMask</key>
			<string>2147483647</string>
			<key>files</key>
			<array>
				<string>56A598421D0422120028A6A1</string>
				<string>56CCAEDA1CC0CDB1006227A9</string>
				<string>56CCAF221CC0EF1A006227A9</string>
				<string>56CCAED71CC0CDB1006227A9</string>
				<string>56CCAF1B1CC0D810006227A9</string>
				<string>898A304C1D2211A400287CA4</string>
				<string>8973FDB81D2507CC00754303</string>
				<string>56024ABC1CC77DD4002F07B4</string>
				<string>56C710611CC87B2E0040E3E9</string>
				<string>56CCAF1F1CC0EF05006227A9</string>
				<string>56CCAED41CC0CDB1006227A9</string>
			</array>
			<key>isa</key>
			<string>PBXSourcesBuildPhase</string>
			<key>runOnlyForDeploymentPostprocessing</key>
			<string>0</string>
		</dict>
		<key>56CCAECC1CC0CDB1006227A9</key>
		<dict>
			<key>buildActionMask</key>
			<string>2147483647</string>
			<key>files</key>
			<array>
				<string>A9AA94469C40A4C701E50762</string>
			</array>
			<key>isa</key>
			<string>PBXFrameworksBuildPhase</string>
			<key>runOnlyForDeploymentPostprocessing</key>
			<string>0</string>
		</dict>
		<key>56CCAECD1CC0CDB1006227A9</key>
		<dict>
			<key>buildActionMask</key>
			<string>2147483647</string>
			<key>files</key>
			<array>
				<string>898A30541D221F1D00287CA4</string>
				<string>898A30521D221F1D00287CA4</string>
				<string>898A305E1D221F6B00287CA4</string>
				<string>56CCAEE21CC0CDB1006227A9</string>
				<string>56CCAEDF1CC0CDB1006227A9</string>
				<string>898A30591D221F4B00287CA4</string>
				<string>56CCAEDD1CC0CDB1006227A9</string>
				<string>898A305A1D221F4B00287CA4</string>
				<string>898A305C1D221F4B00287CA4</string>
				<string>898A30531D221F1D00287CA4</string>
				<string>898A30511D221F1D00287CA4</string>
				<string>898A305B1D221F4B00287CA4</string>
			</array>
			<key>isa</key>
			<string>PBXResourcesBuildPhase</string>
			<key>runOnlyForDeploymentPostprocessing</key>
			<string>0</string>
		</dict>
		<key>56CCAECE1CC0CDB1006227A9</key>
		<dict>
			<key>buildConfigurationList</key>
			<string>56CCAEFC1CC0CDB1006227A9</string>
			<key>buildPhases</key>
			<array>
				<string>F34AC971D638E4ED21468E92</string>
				<string>56CCAECB1CC0CDB1006227A9</string>
				<string>56CCAECC1CC0CDB1006227A9</string>
				<string>56CCAECD1CC0CDB1006227A9</string>
				<string>A2CC1A677E8F2E24BC46ED3D</string>
				<string>8EC6354ABC4EDB5A9BE8FB2B</string>
			</array>
			<key>buildRules</key>
			<array/>
			<key>dependencies</key>
			<array/>
			<key>isa</key>
			<string>PBXNativeTarget</string>
			<key>name</key>
			<string>ZCNetworking</string>
			<key>productName</key>
			<string>ZCNetworking</string>
			<key>productReference</key>
			<string>56CCAECF1CC0CDB1006227A9</string>
			<key>productType</key>
			<string>com.apple.product-type.application</string>
		</dict>
		<key>56CCAECF1CC0CDB1006227A9</key>
		<dict>
			<key>explicitFileType</key>
			<string>wrapper.application</string>
			<key>includeInIndex</key>
			<string>0</string>
			<key>isa</key>
			<string>PBXFileReference</string>
			<key>path</key>
			<string>ZCNetworking.app</string>
			<key>sourceTree</key>
			<string>BUILT_PRODUCTS_DIR</string>
		</dict>
		<key>56CCAED01CC0CDB1006227A9</key>
		<dict>
			<key>children</key>
			<array>
				<string>56CCAECF1CC0CDB1006227A9</string>
				<string>56CCAEE81CC0CDB1006227A9</string>
				<string>56CCAEF31CC0CDB1006227A9</string>
			</array>
			<key>isa</key>
			<string>PBXGroup</string>
			<key>name</key>
			<string>Products</string>
			<key>sourceTree</key>
			<string>&lt;group&gt;</string>
		</dict>
		<key>56CCAED11CC0CDB1006227A9</key>
		<dict>
			<key>children</key>
			<array>
				<string>56CCAF071CC0D39C006227A9</string>
				<string>56CCAED21CC0CDB1006227A9</string>
				<string>56CCAED51CC0CDB1006227A9</string>
				<string>56CCAED61CC0CDB1006227A9</string>
				<string>56CCAEDE1CC0CDB1006227A9</string>
				<string>56CCAEE31CC0CDB1006227A9</string>
				<string>56CCAEE01CC0CDB1006227A9</string>
				<string>56CCAEDB1CC0CDB1006227A9</string>
				<string>8973FDB61D2507CC00754303</string>
				<string>8973FDB71D2507CC00754303</string>
				<string>56CCAED81CC0CDB1006227A9</string>
				<string>56CCAED91CC0CDB1006227A9</string>
			</array>
			<key>isa</key>
			<string>PBXGroup</string>
			<key>path</key>
			<string>ZCNetworking</string>
			<key>sourceTree</key>
			<string>&lt;group&gt;</string>
		</dict>
		<key>56CCAED21CC0CDB1006227A9</key>
		<dict>
			<key>children</key>
			<array>
				<string>898A30551D221F4B00287CA4</string>
				<string>898A30561D221F4B00287CA4</string>
				<string>898A30571D221F4B00287CA4</string>
				<string>898A30581D221F4B00287CA4</string>
				<string>898A304D1D221F1D00287CA4</string>
				<string>898A304E1D221F1D00287CA4</string>
				<string>898A304F1D221F1D00287CA4</string>
				<string>898A30501D221F1D00287CA4</string>
				<string>898A305D1D221F6B00287CA4</string>
				<string>56CCAED31CC0CDB1006227A9</string>
			</array>
			<key>isa</key>
			<string>PBXGroup</string>
			<key>name</key>
			<string>Supporting Files</string>
			<key>path</key>
			<string>Supporting Files</string>
			<key>sourceTree</key>
			<string>&lt;group&gt;</string>
		</dict>
		<key>56CCAED31CC0CDB1006227A9</key>
		<dict>
			<key>isa</key>
			<string>PBXFileReference</string>
			<key>lastKnownFileType</key>
			<string>sourcecode.c.objc</string>
			<key>path</key>
			<string>main.m</string>
			<key>sourceTree</key>
			<string>&lt;group&gt;</string>
		</dict>
		<key>56CCAED41CC0CDB1006227A9</key>
		<dict>
			<key>fileRef</key>
			<string>56CCAED31CC0CDB1006227A9</string>
			<key>isa</key>
			<string>PBXBuildFile</string>
		</dict>
		<key>56CCAED51CC0CDB1006227A9</key>
		<dict>
			<key>isa</key>
			<string>PBXFileReference</string>
			<key>lastKnownFileType</key>
			<string>sourcecode.c.h</string>
			<key>path</key>
			<string>AppDelegate.h</string>
			<key>sourceTree</key>
			<string>&lt;group&gt;</string>
		</dict>
		<key>56CCAED61CC0CDB1006227A9</key>
		<dict>
			<key>isa</key>
			<string>PBXFileReference</string>
			<key>lastKnownFileType</key>
			<string>sourcecode.c.objc</string>
			<key>path</key>
			<string>AppDelegate.m</string>
			<key>sourceTree</key>
			<string>&lt;group&gt;</string>
		</dict>
		<key>56CCAED71CC0CDB1006227A9</key>
		<dict>
			<key>fileRef</key>
			<string>56CCAED61CC0CDB1006227A9</string>
			<key>isa</key>
			<string>PBXBuildFile</string>
		</dict>
		<key>56CCAED81CC0CDB1006227A9</key>
		<dict>
			<key>isa</key>
			<string>PBXFileReference</string>
			<key>lastKnownFileType</key>
			<string>sourcecode.c.h</string>
			<key>path</key>
			<string>ViewController.h</string>
			<key>sourceTree</key>
			<string>&lt;group&gt;</string>
		</dict>
		<key>56CCAED91CC0CDB1006227A9</key>
		<dict>
			<key>isa</key>
			<string>PBXFileReference</string>
			<key>lastKnownFileType</key>
			<string>sourcecode.c.objc</string>
			<key>path</key>
			<string>ViewController.m</string>
			<key>sourceTree</key>
			<string>&lt;group&gt;</string>
		</dict>
		<key>56CCAEDA1CC0CDB1006227A9</key>
		<dict>
			<key>fileRef</key>
			<string>56CCAED91CC0CDB1006227A9</string>
			<key>isa</key>
			<string>PBXBuildFile</string>
		</dict>
		<key>56CCAEDB1CC0CDB1006227A9</key>
		<dict>
			<key>children</key>
			<array>
				<string>56CCAEDC1CC0CDB1006227A9</string>
			</array>
			<key>isa</key>
			<string>PBXVariantGroup</string>
			<key>name</key>
			<string>Main.storyboard</string>
			<key>path</key>
			<string>.</string>
			<key>sourceTree</key>
			<string>&lt;group&gt;</string>
		</dict>
		<key>56CCAEDC1CC0CDB1006227A9</key>
		<dict>
			<key>isa</key>
			<string>PBXFileReference</string>
			<key>lastKnownFileType</key>
			<string>file.storyboard</string>
			<key>name</key>
			<string>Base</string>
			<key>path</key>
			<string>Base.lproj/Main.storyboard</string>
			<key>sourceTree</key>
			<string>&lt;group&gt;</string>
		</dict>
		<key>56CCAEDD1CC0CDB1006227A9</key>
		<dict>
			<key>fileRef</key>
			<string>56CCAEDB1CC0CDB1006227A9</string>
			<key>isa</key>
			<string>PBXBuildFile</string>
		</dict>
		<key>56CCAEDE1CC0CDB1006227A9</key>
		<dict>
			<key>isa</key>
			<string>PBXFileReference</string>
			<key>lastKnownFileType</key>
			<string>folder.assetcatalog</string>
			<key>path</key>
			<string>Assets.xcassets</string>
			<key>sourceTree</key>
			<string>&lt;group&gt;</string>
		</dict>
		<key>56CCAEDF1CC0CDB1006227A9</key>
		<dict>
			<key>fileRef</key>
			<string>56CCAEDE1CC0CDB1006227A9</string>
			<key>isa</key>
			<string>PBXBuildFile</string>
		</dict>
		<key>56CCAEE01CC0CDB1006227A9</key>
		<dict>
			<key>children</key>
			<array>
				<string>56CCAEE11CC0CDB1006227A9</string>
			</array>
			<key>isa</key>
			<string>PBXVariantGroup</string>
			<key>name</key>
			<string>LaunchScreen.storyboard</string>
			<key>path</key>
			<string>.</string>
			<key>sourceTree</key>
			<string>&lt;group&gt;</string>
		</dict>
		<key>56CCAEE11CC0CDB1006227A9</key>
		<dict>
			<key>isa</key>
			<string>PBXFileReference</string>
			<key>lastKnownFileType</key>
			<string>file.storyboard</string>
			<key>name</key>
			<string>Base</string>
			<key>path</key>
			<string>Base.lproj/LaunchScreen.storyboard</string>
			<key>sourceTree</key>
			<string>&lt;group&gt;</string>
		</dict>
		<key>56CCAEE21CC0CDB1006227A9</key>
		<dict>
			<key>fileRef</key>
			<string>56CCAEE01CC0CDB1006227A9</string>
			<key>isa</key>
			<string>PBXBuildFile</string>
		</dict>
		<key>56CCAEE31CC0CDB1006227A9</key>
		<dict>
			<key>isa</key>
			<string>PBXFileReference</string>
			<key>lastKnownFileType</key>
			<string>text.plist.xml</string>
			<key>path</key>
			<string>Info.plist</string>
			<key>sourceTree</key>
			<string>&lt;group&gt;</string>
		</dict>
		<key>56CCAEE41CC0CDB1006227A9</key>
		<dict>
			<key>buildActionMask</key>
			<string>2147483647</string>
			<key>files</key>
			<array>
				<string>56CCAEED1CC0CDB1006227A9</string>
			</array>
			<key>isa</key>
			<string>PBXSourcesBuildPhase</string>
			<key>runOnlyForDeploymentPostprocessing</key>
			<string>0</string>
		</dict>
		<key>56CCAEE51CC0CDB1006227A9</key>
		<dict>
			<key>buildActionMask</key>
			<string>2147483647</string>
			<key>files</key>
			<array/>
			<key>isa</key>
			<string>PBXFrameworksBuildPhase</string>
			<key>runOnlyForDeploymentPostprocessing</key>
			<string>0</string>
		</dict>
		<key>56CCAEE61CC0CDB1006227A9</key>
		<dict>
			<key>buildActionMask</key>
			<string>2147483647</string>
			<key>files</key>
			<array/>
			<key>isa</key>
			<string>PBXResourcesBuildPhase</string>
			<key>runOnlyForDeploymentPostprocessing</key>
			<string>0</string>
		</dict>
		<key>56CCAEE71CC0CDB1006227A9</key>
		<dict>
			<key>buildConfigurationList</key>
			<string>56CCAEFF1CC0CDB1006227A9</string>
			<key>buildPhases</key>
			<array>
				<string>56CCAEE41CC0CDB1006227A9</string>
				<string>56CCAEE51CC0CDB1006227A9</string>
				<string>56CCAEE61CC0CDB1006227A9</string>
			</array>
			<key>buildRules</key>
			<array/>
			<key>dependencies</key>
			<array>
				<string>56CCAEEA1CC0CDB1006227A9</string>
			</array>
			<key>isa</key>
			<string>PBXNativeTarget</string>
			<key>name</key>
			<string>ZCNetworkingTests</string>
			<key>productName</key>
			<string>ZCNetworkingTests</string>
			<key>productReference</key>
			<string>56CCAEE81CC0CDB1006227A9</string>
			<key>productType</key>
			<string>com.apple.product-type.bundle.unit-test</string>
		</dict>
		<key>56CCAEE81CC0CDB1006227A9</key>
		<dict>
			<key>explicitFileType</key>
			<string>wrapper.cfbundle</string>
			<key>includeInIndex</key>
			<string>0</string>
			<key>isa</key>
			<string>PBXFileReference</string>
			<key>path</key>
			<string>ZCNetworkingTests.xctest</string>
			<key>sourceTree</key>
			<string>BUILT_PRODUCTS_DIR</string>
		</dict>
		<key>56CCAEE91CC0CDB1006227A9</key>
		<dict>
			<key>containerPortal</key>
			<string>56CCAEC71CC0CDB1006227A9</string>
			<key>isa</key>
			<string>PBXContainerItemProxy</string>
			<key>proxyType</key>
			<string>1</string>
			<key>remoteGlobalIDString</key>
			<string>56CCAECE1CC0CDB1006227A9</string>
			<key>remoteInfo</key>
			<string>ZCNetworking</string>
		</dict>
		<key>56CCAEEA1CC0CDB1006227A9</key>
		<dict>
			<key>isa</key>
			<string>PBXTargetDependency</string>
			<key>target</key>
			<string>56CCAECE1CC0CDB1006227A9</string>
			<key>targetProxy</key>
			<string>56CCAEE91CC0CDB1006227A9</string>
		</dict>
		<key>56CCAEEB1CC0CDB1006227A9</key>
		<dict>
			<key>children</key>
			<array>
				<string>56CCAEEE1CC0CDB1006227A9</string>
				<string>56CCAEEC1CC0CDB1006227A9</string>
			</array>
			<key>isa</key>
			<string>PBXGroup</string>
			<key>path</key>
			<string>ZCNetworkingTests</string>
			<key>sourceTree</key>
			<string>&lt;group&gt;</string>
		</dict>
		<key>56CCAEEC1CC0CDB1006227A9</key>
		<dict>
			<key>isa</key>
			<string>PBXFileReference</string>
			<key>lastKnownFileType</key>
			<string>sourcecode.c.objc</string>
			<key>path</key>
			<string>ZCNetworkingTests.m</string>
			<key>sourceTree</key>
			<string>&lt;group&gt;</string>
		</dict>
		<key>56CCAEED1CC0CDB1006227A9</key>
		<dict>
			<key>fileRef</key>
			<string>56CCAEEC1CC0CDB1006227A9</string>
			<key>isa</key>
			<string>PBXBuildFile</string>
		</dict>
		<key>56CCAEEE1CC0CDB1006227A9</key>
		<dict>
			<key>isa</key>
			<string>PBXFileReference</string>
			<key>lastKnownFileType</key>
			<string>text.plist.xml</string>
			<key>path</key>
			<string>Info.plist</string>
			<key>sourceTree</key>
			<string>&lt;group&gt;</string>
		</dict>
		<key>56CCAEEF1CC0CDB1006227A9</key>
		<dict>
			<key>buildActionMask</key>
			<string>2147483647</string>
			<key>files</key>
			<array>
				<string>56CCAEF81CC0CDB1006227A9</string>
			</array>
			<key>isa</key>
			<string>PBXSourcesBuildPhase</string>
			<key>runOnlyForDeploymentPostprocessing</key>
			<string>0</string>
		</dict>
		<key>56CCAEF01CC0CDB1006227A9</key>
		<dict>
			<key>buildActionMask</key>
			<string>2147483647</string>
			<key>files</key>
			<array/>
			<key>isa</key>
			<string>PBXFrameworksBuildPhase</string>
			<key>runOnlyForDeploymentPostprocessing</key>
			<string>0</string>
		</dict>
		<key>56CCAEF11CC0CDB1006227A9</key>
		<dict>
			<key>buildActionMask</key>
			<string>2147483647</string>
			<key>files</key>
			<array/>
			<key>isa</key>
			<string>PBXResourcesBuildPhase</string>
			<key>runOnlyForDeploymentPostprocessing</key>
			<string>0</string>
		</dict>
		<key>56CCAEF21CC0CDB1006227A9</key>
		<dict>
			<key>buildConfigurationList</key>
			<string>56CCAF021CC0CDB1006227A9</string>
			<key>buildPhases</key>
			<array>
				<string>56CCAEEF1CC0CDB1006227A9</string>
				<string>56CCAEF01CC0CDB1006227A9</string>
				<string>56CCAEF11CC0CDB1006227A9</string>
			</array>
			<key>buildRules</key>
			<array/>
			<key>dependencies</key>
			<array>
				<string>56CCAEF51CC0CDB1006227A9</string>
			</array>
			<key>isa</key>
			<string>PBXNativeTarget</string>
			<key>name</key>
			<string>ZCNetworkingUITests</string>
			<key>productName</key>
			<string>ZCNetworkingUITests</string>
			<key>productReference</key>
			<string>56CCAEF31CC0CDB1006227A9</string>
			<key>productType</key>
			<string>com.apple.product-type.bundle.ui-testing</string>
		</dict>
		<key>56CCAEF31CC0CDB1006227A9</key>
		<dict>
			<key>explicitFileType</key>
			<string>wrapper.cfbundle</string>
			<key>includeInIndex</key>
			<string>0</string>
			<key>isa</key>
			<string>PBXFileReference</string>
			<key>path</key>
			<string>ZCNetworkingUITests.xctest</string>
			<key>sourceTree</key>
			<string>BUILT_PRODUCTS_DIR</string>
		</dict>
		<key>56CCAEF41CC0CDB1006227A9</key>
		<dict>
			<key>containerPortal</key>
			<string>56CCAEC71CC0CDB1006227A9</string>
			<key>isa</key>
			<string>PBXContainerItemProxy</string>
			<key>proxyType</key>
			<string>1</string>
			<key>remoteGlobalIDString</key>
			<string>56CCAECE1CC0CDB1006227A9</string>
			<key>remoteInfo</key>
			<string>ZCNetworking</string>
		</dict>
		<key>56CCAEF51CC0CDB1006227A9</key>
		<dict>
			<key>isa</key>
			<string>PBXTargetDependency</string>
			<key>target</key>
			<string>56CCAECE1CC0CDB1006227A9</string>
			<key>targetProxy</key>
			<string>56CCAEF41CC0CDB1006227A9</string>
		</dict>
		<key>56CCAEF61CC0CDB1006227A9</key>
		<dict>
			<key>children</key>
			<array>
				<string>56CCAEF91CC0CDB1006227A9</string>
				<string>56CCAEF71CC0CDB1006227A9</string>
			</array>
			<key>isa</key>
			<string>PBXGroup</string>
			<key>path</key>
			<string>ZCNetworkingUITests</string>
			<key>sourceTree</key>
			<string>&lt;group&gt;</string>
		</dict>
		<key>56CCAEF71CC0CDB1006227A9</key>
		<dict>
			<key>isa</key>
			<string>PBXFileReference</string>
			<key>lastKnownFileType</key>
			<string>sourcecode.c.objc</string>
			<key>path</key>
			<string>ZCNetworkingUITests.m</string>
			<key>sourceTree</key>
			<string>&lt;group&gt;</string>
		</dict>
		<key>56CCAEF81CC0CDB1006227A9</key>
		<dict>
			<key>fileRef</key>
			<string>56CCAEF71CC0CDB1006227A9</string>
			<key>isa</key>
			<string>PBXBuildFile</string>
		</dict>
		<key>56CCAEF91CC0CDB1006227A9</key>
		<dict>
			<key>isa</key>
			<string>PBXFileReference</string>
			<key>lastKnownFileType</key>
			<string>text.plist.xml</string>
			<key>path</key>
			<string>Info.plist</string>
			<key>sourceTree</key>
			<string>&lt;group&gt;</string>
		</dict>
		<key>56CCAEFA1CC0CDB1006227A9</key>
		<dict>
			<key>buildSettings</key>
			<dict>
				<key>ALWAYS_SEARCH_USER_PATHS</key>
				<string>NO</string>
				<key>CLANG_ANALYZER_NONNULL</key>
				<string>YES</string>
				<key>CLANG_CXX_LANGUAGE_STANDARD</key>
				<string>gnu++0x</string>
				<key>CLANG_CXX_LIBRARY</key>
				<string>libc++</string>
				<key>CLANG_ENABLE_MODULES</key>
				<string>YES</string>
				<key>CLANG_ENABLE_OBJC_ARC</key>
				<string>YES</string>
				<key>CLANG_WARN_BOOL_CONVERSION</key>
				<string>YES</string>
				<key>CLANG_WARN_CONSTANT_CONVERSION</key>
				<string>YES</string>
				<key>CLANG_WARN_DIRECT_OBJC_ISA_USAGE</key>
				<string>YES_ERROR</string>
				<key>CLANG_WARN_EMPTY_BODY</key>
				<string>YES</string>
				<key>CLANG_WARN_ENUM_CONVERSION</key>
				<string>YES</string>
				<key>CLANG_WARN_INT_CONVERSION</key>
				<string>YES</string>
				<key>CLANG_WARN_OBJC_ROOT_CLASS</key>
				<string>YES_ERROR</string>
				<key>CLANG_WARN_UNREACHABLE_CODE</key>
				<string>YES</string>
				<key>CLANG_WARN__DUPLICATE_METHOD_MATCH</key>
				<string>YES</string>
				<key>CODE_SIGN_IDENTITY[sdk=iphoneos*]</key>
				<string>iPhone Developer</string>
				<key>COPY_PHASE_STRIP</key>
				<string>NO</string>
				<key>DEBUG_INFORMATION_FORMAT</key>
				<string>dwarf</string>
				<key>ENABLE_STRICT_OBJC_MSGSEND</key>
				<string>YES</string>
				<key>ENABLE_TESTABILITY</key>
				<string>YES</string>
				<key>GCC_C_LANGUAGE_STANDARD</key>
				<string>gnu99</string>
				<key>GCC_DYNAMIC_NO_PIC</key>
				<string>NO</string>
				<key>GCC_NO_COMMON_BLOCKS</key>
				<string>YES</string>
				<key>GCC_OPTIMIZATION_LEVEL</key>
				<string>0</string>
				<key>GCC_PREPROCESSOR_DEFINITIONS</key>
				<array>
					<string>DEBUG=1</string>
					<string>$(inherited)</string>
				</array>
				<key>GCC_WARN_64_TO_32_BIT_CONVERSION</key>
				<string>YES</string>
				<key>GCC_WARN_ABOUT_RETURN_TYPE</key>
				<string>YES_ERROR</string>
				<key>GCC_WARN_UNDECLARED_SELECTOR</key>
				<string>YES</string>
				<key>GCC_WARN_UNINITIALIZED_AUTOS</key>
				<string>YES_AGGRESSIVE</string>
				<key>GCC_WARN_UNUSED_FUNCTION</key>
				<string>YES</string>
				<key>GCC_WARN_UNUSED_VARIABLE</key>
				<string>YES</string>
				<key>IPHONEOS_DEPLOYMENT_TARGET</key>
				<string>9.3</string>
				<key>MTL_ENABLE_DEBUG_INFO</key>
				<string>YES</string>
				<key>ONLY_ACTIVE_ARCH</key>
				<string>YES</string>
				<key>SDKROOT</key>
				<string>iphoneos</string>
				<key>TARGETED_DEVICE_FAMILY</key>
				<string>1,2</string>
			</dict>
			<key>isa</key>
			<string>XCBuildConfiguration</string>
			<key>name</key>
			<string>Debug</string>
		</dict>
		<key>56CCAEFB1CC0CDB1006227A9</key>
		<dict>
			<key>buildSettings</key>
			<dict>
				<key>ALWAYS_SEARCH_USER_PATHS</key>
				<string>NO</string>
				<key>CLANG_ANALYZER_NONNULL</key>
				<string>YES</string>
				<key>CLANG_CXX_LANGUAGE_STANDARD</key>
				<string>gnu++0x</string>
				<key>CLANG_CXX_LIBRARY</key>
				<string>libc++</string>
				<key>CLANG_ENABLE_MODULES</key>
				<string>YES</string>
				<key>CLANG_ENABLE_OBJC_ARC</key>
				<string>YES</string>
				<key>CLANG_WARN_BOOL_CONVERSION</key>
				<string>YES</string>
				<key>CLANG_WARN_CONSTANT_CONVERSION</key>
				<string>YES</string>
				<key>CLANG_WARN_DIRECT_OBJC_ISA_USAGE</key>
				<string>YES_ERROR</string>
				<key>CLANG_WARN_EMPTY_BODY</key>
				<string>YES</string>
				<key>CLANG_WARN_ENUM_CONVERSION</key>
				<string>YES</string>
				<key>CLANG_WARN_INT_CONVERSION</key>
				<string>YES</string>
				<key>CLANG_WARN_OBJC_ROOT_CLASS</key>
				<string>YES_ERROR</string>
				<key>CLANG_WARN_UNREACHABLE_CODE</key>
				<string>YES</string>
				<key>CLANG_WARN__DUPLICATE_METHOD_MATCH</key>
				<string>YES</string>
				<key>CODE_SIGN_IDENTITY[sdk=iphoneos*]</key>
				<string>iPhone Developer</string>
				<key>COPY_PHASE_STRIP</key>
				<string>NO</string>
				<key>DEBUG_INFORMATION_FORMAT</key>
				<string>dwarf-with-dsym</string>
				<key>ENABLE_NS_ASSERTIONS</key>
				<string>NO</string>
				<key>ENABLE_STRICT_OBJC_MSGSEND</key>
				<string>YES</string>
				<key>GCC_C_LANGUAGE_STANDARD</key>
				<string>gnu99</string>
				<key>GCC_NO_COMMON_BLOCKS</key>
				<string>YES</string>
				<key>GCC_WARN_64_TO_32_BIT_CONVERSION</key>
				<string>YES</string>
				<key>GCC_WARN_ABOUT_RETURN_TYPE</key>
				<string>YES_ERROR</string>
				<key>GCC_WARN_UNDECLARED_SELECTOR</key>
				<string>YES</string>
				<key>GCC_WARN_UNINITIALIZED_AUTOS</key>
				<string>YES_AGGRESSIVE</string>
				<key>GCC_WARN_UNUSED_FUNCTION</key>
				<string>YES</string>
				<key>GCC_WARN_UNUSED_VARIABLE</key>
				<string>YES</string>
				<key>IPHONEOS_DEPLOYMENT_TARGET</key>
				<string>9.3</string>
				<key>MTL_ENABLE_DEBUG_INFO</key>
				<string>NO</string>
				<key>SDKROOT</key>
				<string>iphoneos</string>
				<key>TARGETED_DEVICE_FAMILY</key>
				<string>1,2</string>
				<key>VALIDATE_PRODUCT</key>
				<string>YES</string>
			</dict>
			<key>isa</key>
			<string>XCBuildConfiguration</string>
			<key>name</key>
			<string>Release</string>
		</dict>
		<key>56CCAEFC1CC0CDB1006227A9</key>
		<dict>
			<key>buildConfigurations</key>
			<array>
				<string>56CCAEFD1CC0CDB1006227A9</string>
				<string>56CCAEFE1CC0CDB1006227A9</string>
			</array>
			<key>defaultConfigurationIsVisible</key>
			<string>0</string>
			<key>defaultConfigurationName</key>
			<string>Release</string>
			<key>isa</key>
			<string>XCConfigurationList</string>
		</dict>
		<key>56CCAEFD1CC0CDB1006227A9</key>
		<dict>
			<key>baseConfigurationReference</key>
			<string>FE1F8498E4EC0A1966A93F0F</string>
			<key>buildSettings</key>
			<dict>
				<key>ASSETCATALOG_COMPILER_APPICON_NAME</key>
				<string>AppIcon</string>
				<key>INFOPLIST_FILE</key>
				<string>ZCNetworking/Info.plist</string>
				<key>IPHONEOS_DEPLOYMENT_TARGET</key>
				<string>8.0</string>
				<key>LD_RUNPATH_SEARCH_PATHS</key>
				<string>$(inherited) @executable_path/Frameworks</string>
				<key>PRODUCT_BUNDLE_IDENTIFIER</key>
				<string>cn.gongjiang.ZCNetworking</string>
				<key>PRODUCT_NAME</key>
				<string>$(TARGET_NAME)</string>
			</dict>
			<key>isa</key>
			<string>XCBuildConfiguration</string>
			<key>name</key>
			<string>Debug</string>
		</dict>
		<key>56CCAEFE1CC0CDB1006227A9</key>
		<dict>
			<key>baseConfigurationReference</key>
			<string>53D49A2965CE747E024945C4</string>
			<key>buildSettings</key>
			<dict>
				<key>ASSETCATALOG_COMPILER_APPICON_NAME</key>
				<string>AppIcon</string>
				<key>INFOPLIST_FILE</key>
				<string>ZCNetworking/Info.plist</string>
				<key>IPHONEOS_DEPLOYMENT_TARGET</key>
				<string>8.0</string>
				<key>LD_RUNPATH_SEARCH_PATHS</key>
				<string>$(inherited) @executable_path/Frameworks</string>
				<key>PRODUCT_BUNDLE_IDENTIFIER</key>
				<string>cn.gongjiang.ZCNetworking</string>
				<key>PRODUCT_NAME</key>
				<string>$(TARGET_NAME)</string>
			</dict>
			<key>isa</key>
			<string>XCBuildConfiguration</string>
			<key>name</key>
			<string>Release</string>
		</dict>
		<key>56CCAEFF1CC0CDB1006227A9</key>
		<dict>
			<key>buildConfigurations</key>
			<array>
				<string>56CCAF001CC0CDB1006227A9</string>
				<string>56CCAF011CC0CDB1006227A9</string>
			</array>
			<key>defaultConfigurationIsVisible</key>
			<string>0</string>
			<key>defaultConfigurationName</key>
			<string>Release</string>
			<key>isa</key>
			<string>XCConfigurationList</string>
		</dict>
		<key>56CCAF001CC0CDB1006227A9</key>
		<dict>
			<key>buildSettings</key>
			<dict>
				<key>BUNDLE_LOADER</key>
				<string>$(TEST_HOST)</string>
				<key>INFOPLIST_FILE</key>
				<string>ZCNetworkingTests/Info.plist</string>
				<key>LD_RUNPATH_SEARCH_PATHS</key>
				<string>$(inherited) @executable_path/Frameworks @loader_path/Frameworks</string>
				<key>PRODUCT_BUNDLE_IDENTIFIER</key>
				<string>cn.gongjiang.ZCNetworkingTests</string>
				<key>PRODUCT_NAME</key>
				<string>$(TARGET_NAME)</string>
				<key>TEST_HOST</key>
				<string>$(BUILT_PRODUCTS_DIR)/ZCNetworking.app/ZCNetworking</string>
			</dict>
			<key>isa</key>
			<string>XCBuildConfiguration</string>
			<key>name</key>
			<string>Debug</string>
		</dict>
		<key>56CCAF011CC0CDB1006227A9</key>
		<dict>
			<key>buildSettings</key>
			<dict>
				<key>BUNDLE_LOADER</key>
				<string>$(TEST_HOST)</string>
				<key>INFOPLIST_FILE</key>
				<string>ZCNetworkingTests/Info.plist</string>
				<key>LD_RUNPATH_SEARCH_PATHS</key>
				<string>$(inherited) @executable_path/Frameworks @loader_path/Frameworks</string>
				<key>PRODUCT_BUNDLE_IDENTIFIER</key>
				<string>cn.gongjiang.ZCNetworkingTests</string>
				<key>PRODUCT_NAME</key>
				<string>$(TARGET_NAME)</string>
				<key>TEST_HOST</key>
				<string>$(BUILT_PRODUCTS_DIR)/ZCNetworking.app/ZCNetworking</string>
			</dict>
			<key>isa</key>
			<string>XCBuildConfiguration</string>
			<key>name</key>
			<string>Release</string>
		</dict>
		<key>56CCAF021CC0CDB1006227A9</key>
		<dict>
			<key>buildConfigurations</key>
			<array>
				<string>56CCAF031CC0CDB1006227A9</string>
				<string>56CCAF041CC0CDB1006227A9</string>
			</array>
			<key>defaultConfigurationIsVisible</key>
			<string>0</string>
			<key>defaultConfigurationName</key>
			<string>Release</string>
			<key>isa</key>
			<string>XCConfigurationList</string>
		</dict>
		<key>56CCAF031CC0CDB1006227A9</key>
		<dict>
			<key>buildSettings</key>
			<dict>
				<key>INFOPLIST_FILE</key>
				<string>ZCNetworkingUITests/Info.plist</string>
				<key>LD_RUNPATH_SEARCH_PATHS</key>
				<string>$(inherited) @executable_path/Frameworks @loader_path/Frameworks</string>
				<key>PRODUCT_BUNDLE_IDENTIFIER</key>
				<string>cn.gongjiang.ZCNetworkingUITests</string>
				<key>PRODUCT_NAME</key>
				<string>$(TARGET_NAME)</string>
				<key>TEST_TARGET_NAME</key>
				<string>ZCNetworking</string>
			</dict>
			<key>isa</key>
			<string>XCBuildConfiguration</string>
			<key>name</key>
			<string>Debug</string>
		</dict>
		<key>56CCAF041CC0CDB1006227A9</key>
		<dict>
			<key>buildSettings</key>
			<dict>
				<key>INFOPLIST_FILE</key>
				<string>ZCNetworkingUITests/Info.plist</string>
				<key>LD_RUNPATH_SEARCH_PATHS</key>
				<string>$(inherited) @executable_path/Frameworks @loader_path/Frameworks</string>
				<key>PRODUCT_BUNDLE_IDENTIFIER</key>
				<string>cn.gongjiang.ZCNetworkingUITests</string>
				<key>PRODUCT_NAME</key>
				<string>$(TARGET_NAME)</string>
				<key>TEST_TARGET_NAME</key>
				<string>ZCNetworking</string>
			</dict>
			<key>isa</key>
			<string>XCBuildConfiguration</string>
			<key>name</key>
			<string>Release</string>
		</dict>
		<key>56CCAF071CC0D39C006227A9</key>
		<dict>
			<key>children</key>
			<array>
				<string>56CCAF181CC0D810006227A9</string>
				<string>898A304A1D2211A400287CA4</string>
				<string>898A304B1D2211A400287CA4</string>
			</array>
			<key>isa</key>
			<string>PBXGroup</string>
			<key>name</key>
			<string>Networking</string>
			<key>path</key>
			<string>Networking</string>
			<key>sourceTree</key>
			<string>&lt;group&gt;</string>
		</dict>
		<key>56CCAF181CC0D810006227A9</key>
		<dict>
			<key>children</key>
			<array>
				<string>56CCAF201CC0EF1A006227A9</string>
				<string>56CCAF211CC0EF1A006227A9</string>
				<string>56C7105F1CC87B2E0040E3E9</string>
				<string>56C710601CC87B2E0040E3E9</string>
				<string>56C710621CC88C110040E3E9</string>
				<string>56CCAF1D1CC0EF05006227A9</string>
				<string>56CCAF1E1CC0EF05006227A9</string>
				<string>56024ABA1CC77DD4002F07B4</string>
				<string>56024ABB1CC77DD4002F07B4</string>
				<string>56CCAF1C1CC0D89B006227A9</string>
				<string>56A598401D0422120028A6A1</string>
				<string>56A598411D0422120028A6A1</string>
				<string>56CCAF191CC0D810006227A9</string>
				<string>56CCAF1A1CC0D810006227A9</string>
			</array>
			<key>isa</key>
			<string>PBXGroup</string>
			<key>path</key>
			<string>Sources</string>
			<key>sourceTree</key>
			<string>&lt;group&gt;</string>
		</dict>
		<key>56CCAF191CC0D810006227A9</key>
		<dict>
			<key>fileEncoding</key>
			<string>4</string>
			<key>isa</key>
			<string>PBXFileReference</string>
			<key>lastKnownFileType</key>
			<string>sourcecode.c.h</string>
			<key>path</key>
			<string>ZCNetworking.h</string>
			<key>sourceTree</key>
			<string>&lt;group&gt;</string>
		</dict>
		<key>56CCAF1A1CC0D810006227A9</key>
		<dict>
			<key>fileEncoding</key>
			<string>4</string>
			<key>isa</key>
			<string>PBXFileReference</string>
			<key>lastKnownFileType</key>
			<string>sourcecode.c.objc</string>
			<key>path</key>
			<string>ZCNetworking.m</string>
			<key>sourceTree</key>
			<string>&lt;group&gt;</string>
		</dict>
		<key>56CCAF1B1CC0D810006227A9</key>
		<dict>
			<key>fileRef</key>
			<string>56CCAF1A1CC0D810006227A9</string>
			<key>isa</key>
			<string>PBXBuildFile</string>
		</dict>
		<key>56CCAF1C1CC0D89B006227A9</key>
		<dict>
			<key>isa</key>
			<string>PBXFileReference</string>
			<key>lastKnownFileType</key>
			<string>sourcecode.c.h</string>
			<key>path</key>
			<string>ZCBlockDefine.h</string>
			<key>sourceTree</key>
			<string>&lt;group&gt;</string>
		</dict>
		<key>56CCAF1D1CC0EF05006227A9</key>
		<dict>
			<key>fileEncoding</key>
			<string>4</string>
			<key>isa</key>
			<string>PBXFileReference</string>
			<key>lastKnownFileType</key>
			<string>sourcecode.c.h</string>
			<key>path</key>
			<string>ZCApiRunner.h</string>
			<key>sourceTree</key>
			<string>&lt;group&gt;</string>
		</dict>
		<key>56CCAF1E1CC0EF05006227A9</key>
		<dict>
			<key>fileEncoding</key>
			<string>4</string>
			<key>isa</key>
			<string>PBXFileReference</string>
			<key>lastKnownFileType</key>
			<string>sourcecode.c.objc</string>
			<key>path</key>
			<string>ZCApiRunner.m</string>
			<key>sourceTree</key>
			<string>&lt;group&gt;</string>
		</dict>
		<key>56CCAF1F1CC0EF05006227A9</key>
		<dict>
			<key>fileRef</key>
			<string>56CCAF1E1CC0EF05006227A9</string>
			<key>isa</key>
			<string>PBXBuildFile</string>
		</dict>
		<key>56CCAF201CC0EF1A006227A9</key>
		<dict>
			<key>fileEncoding</key>
			<string>4</string>
			<key>isa</key>
			<string>PBXFileReference</string>
			<key>lastKnownFileType</key>
			<string>sourcecode.c.h</string>
			<key>path</key>
			<string>ZCApiAction.h</string>
			<key>sourceTree</key>
			<string>&lt;group&gt;</string>
		</dict>
		<key>56CCAF211CC0EF1A006227A9</key>
		<dict>
			<key>fileEncoding</key>
			<string>4</string>
			<key>isa</key>
			<string>PBXFileReference</string>
			<key>lastKnownFileType</key>
			<string>sourcecode.c.objc</string>
			<key>path</key>
			<string>ZCApiAction.m</string>
			<key>sourceTree</key>
			<string>&lt;group&gt;</string>
		</dict>
		<key>56CCAF221CC0EF1A006227A9</key>
		<dict>
			<key>fileRef</key>
			<string>56CCAF211CC0EF1A006227A9</string>
			<key>isa</key>
			<string>PBXBuildFile</string>
		</dict>
		<key>8973FDB61D2507CC00754303</key>
		<dict>
			<key>fileEncoding</key>
			<string>4</string>
			<key>isa</key>
			<string>PBXFileReference</string>
			<key>lastKnownFileType</key>
			<string>sourcecode.c.h</string>
			<key>path</key>
			<string>MenuView.h</string>
			<key>sourceTree</key>
			<string>&lt;group&gt;</string>
		</dict>
		<key>8973FDB71D2507CC00754303</key>
		<dict>
			<key>fileEncoding</key>
			<string>4</string>
			<key>isa</key>
			<string>PBXFileReference</string>
			<key>lastKnownFileType</key>
			<string>sourcecode.c.objc</string>
			<key>path</key>
			<string>MenuView.m</string>
			<key>sourceTree</key>
			<string>&lt;group&gt;</string>
		</dict>
		<key>8973FDB81D2507CC00754303</key>
		<dict>
			<key>fileRef</key>
			<string>8973FDB71D2507CC00754303</string>
			<key>isa</key>
			<string>PBXBuildFile</string>
		</dict>
		<key>898A304A1D2211A400287CA4</key>
		<dict>
			<key>fileEncoding</key>
			<string>4</string>
			<key>isa</key>
			<string>PBXFileReference</string>
			<key>lastKnownFileType</key>
			<string>sourcecode.c.h</string>
			<key>path</key>
			<string>NSArray+Log.h</string>
			<key>sourceTree</key>
			<string>&lt;group&gt;</string>
		</dict>
		<key>898A304B1D2211A400287CA4</key>
		<dict>
			<key>fileEncoding</key>
			<string>4</string>
			<key>isa</key>
			<string>PBXFileReference</string>
			<key>lastKnownFileType</key>
			<string>sourcecode.c.objc</string>
			<key>path</key>
			<string>NSArray+Log.m</string>
			<key>sourceTree</key>
			<string>&lt;group&gt;</string>
		</dict>
		<key>898A304C1D2211A400287CA4</key>
		<dict>
			<key>fileRef</key>
			<string>898A304B1D2211A400287CA4</string>
			<key>isa</key>
			<string>PBXBuildFile</string>
		</dict>
		<key>898A304D1D221F1D00287CA4</key>
		<dict>
			<key>isa</key>
			<string>PBXFileReference</string>
			<key>lastKnownFileType</key>
			<string>image.png</string>
			<key>path</key>
			<string>5.png</string>
			<key>sourceTree</key>
			<string>&lt;group&gt;</string>
		</dict>
		<key>898A304E1D221F1D00287CA4</key>
		<dict>
			<key>isa</key>
			<string>PBXFileReference</string>
			<key>lastKnownFileType</key>
			<string>image.png</string>
			<key>path</key>
			<string>6.png</string>
			<key>sourceTree</key>
			<string>&lt;group&gt;</string>
		</dict>
		<key>898A304F1D221F1D00287CA4</key>
		<dict>
			<key>isa</key>
			<string>PBXFileReference</string>
			<key>lastKnownFileType</key>
			<string>image.png</string>
			<key>path</key>
			<string>7.png</string>
			<key>sourceTree</key>
			<string>&lt;group&gt;</string>
		</dict>
		<key>898A30501D221F1D00287CA4</key>
		<dict>
			<key>isa</key>
			<string>PBXFileReference</string>
			<key>lastKnownFileType</key>
			<string>image.png</string>
			<key>path</key>
			<string>8.png</string>
			<key>sourceTree</key>
			<string>&lt;group&gt;</string>
		</dict>
		<key>898A30511D221F1D00287CA4</key>
		<dict>
			<key>fileRef</key>
			<string>898A304D1D221F1D00287CA4</string>
			<key>isa</key>
			<string>PBXBuildFile</string>
		</dict>
		<key>898A30521D221F1D00287CA4</key>
		<dict>
			<key>fileRef</key>
			<string>898A304E1D221F1D00287CA4</string>
			<key>isa</key>
			<string>PBXBuildFile</string>
		</dict>
		<key>898A30531D221F1D00287CA4</key>
		<dict>
			<key>fileRef</key>
			<string>898A304F1D221F1D00287CA4</string>
			<key>isa</key>
			<string>PBXBuildFile</string>
		</dict>
		<key>898A30541D221F1D00287CA4</key>
		<dict>
			<key>fileRef</key>
			<string>898A30501D221F1D00287CA4</string>
			<key>isa</key>
			<string>PBXBuildFile</string>
		</dict>
		<key>898A30551D221F4B00287CA4</key>
		<dict>
			<key>isa</key>
			<string>PBXFileReference</string>
			<key>lastKnownFileType</key>
			<string>image.png</string>
			<key>path</key>
			<string>1.png</string>
			<key>sourceTree</key>
			<string>&lt;group&gt;</string>
		</dict>
		<key>898A30561D221F4B00287CA4</key>
		<dict>
			<key>isa</key>
			<string>PBXFileReference</string>
			<key>lastKnownFileType</key>
			<string>image.png</string>
			<key>path</key>
			<string>2.png</string>
			<key>sourceTree</key>
			<string>&lt;group&gt;</string>
		</dict>
		<key>898A30571D221F4B00287CA4</key>
		<dict>
			<key>isa</key>
			<string>PBXFileReference</string>
			<key>lastKnownFileType</key>
			<string>image.png</string>
			<key>path</key>
			<string>3.png</string>
			<key>sourceTree</key>
			<string>&lt;group&gt;</string>
		</dict>
		<key>898A30581D221F4B00287CA4</key>
		<dict>
			<key>isa</key>
			<string>PBXFileReference</string>
			<key>lastKnownFileType</key>
			<string>image.png</string>
			<key>path</key>
			<string>4.png</string>
			<key>sourceTree</key>
			<string>&lt;group&gt;</string>
		</dict>
		<key>898A30591D221F4B00287CA4</key>
		<dict>
			<key>fileRef</key>
			<string>898A30551D221F4B00287CA4</string>
			<key>isa</key>
			<string>PBXBuildFile</string>
		</dict>
		<key>898A305A1D221F4B00287CA4</key>
		<dict>
			<key>fileRef</key>
			<string>898A30561D221F4B00287CA4</string>
			<key>isa</key>
			<string>PBXBuildFile</string>
		</dict>
		<key>898A305B1D221F4B00287CA4</key>
		<dict>
			<key>fileRef</key>
			<string>898A30571D221F4B00287CA4</string>
			<key>isa</key>
			<string>PBXBuildFile</string>
		</dict>
		<key>898A305C1D221F4B00287CA4</key>
		<dict>
			<key>fileRef</key>
			<string>898A30581D221F4B00287CA4</string>
			<key>isa</key>
			<string>PBXBuildFile</string>
		</dict>
		<key>898A305D1D221F6B00287CA4</key>
		<dict>
			<key>isa</key>
			<string>PBXFileReference</string>
			<key>lastKnownFileType</key>
			<string>image.png</string>
			<key>path</key>
			<string>9.png</string>
			<key>sourceTree</key>
			<string>&lt;group&gt;</string>
		</dict>
		<key>898A305E1D221F6B00287CA4</key>
		<dict>
			<key>fileRef</key>
			<string>898A305D1D221F6B00287CA4</string>
			<key>isa</key>
			<string>PBXBuildFile</string>
		</dict>
		<key>8EC6354ABC4EDB5A9BE8FB2B</key>
		<dict>
			<key>buildActionMask</key>
			<string>2147483647</string>
			<key>files</key>
			<array/>
			<key>inputPaths</key>
			<array/>
			<key>isa</key>
			<string>PBXShellScriptBuildPhase</string>
			<key>name</key>
			<string>&#128230; Copy Pods Resources</string>
			<key>outputPaths</key>
			<array/>
			<key>runOnlyForDeploymentPostprocessing</key>
			<string>0</string>
			<key>shellPath</key>
			<string>/bin/sh</string>
			<key>shellScript</key>
			<string>"${SRCROOT}/Pods/Target Support Files/Pods-ZCNetworking/Pods-ZCNetworking-resources.sh"
</string>
			<key>showEnvVarsInLog</key>
			<string>0</string>
		</dict>
		<key>A2CC1A677E8F2E24BC46ED3D</key>
		<dict>
			<key>buildActionMask</key>
			<string>2147483647</string>
			<key>files</key>
			<array/>
			<key>inputPaths</key>
			<array/>
			<key>isa</key>
			<string>PBXShellScriptBuildPhase</string>
			<key>name</key>
			<string>&#128230; Embed Pods Frameworks</string>
			<key>outputPaths</key>
			<array/>
			<key>runOnlyForDeploymentPostprocessing</key>
			<string>0</string>
			<key>shellPath</key>
			<string>/bin/sh</string>
			<key>shellScript</key>
			<string>"${SRCROOT}/Pods/Target Support Files/Pods-ZCNetworking/Pods-ZCNetworking-frameworks.sh"
</string>
			<key>showEnvVarsInLog</key>
			<string>0</string>
		</dict>
		<key>A9AA94469C40A4C701E50762</key>
		<dict>
			<key>fileRef</key>
			<string>D93EBBFE6E9ACAE1913CEC23</string>
			<key>isa</key>
			<string>PBXBuildFile</string>
		</dict>
		<key>AAE59F3BC4A5285DC6F00A2E</key>
		<dict>
			<key>children</key>
			<array>
				<string>FE1F8498E4EC0A1966A93F0F</string>
				<string>53D49A2965CE747E024945C4</string>
			</array>
			<key>isa</key>
			<string>PBXGroup</string>
			<key>name</key>
			<string>Pods</string>
			<key>sourceTree</key>
			<string>&lt;group&gt;</string>
		</dict>
		<key>D93EBBFE6E9ACAE1913CEC23</key>
		<dict>
			<key>explicitFileType</key>
			<string>archive.ar</string>
			<key>includeInIndex</key>
			<string>0</string>
			<key>isa</key>
			<string>PBXFileReference</string>
			<key>path</key>
			<string>libPods-ZCNetworking.a</string>
			<key>sourceTree</key>
			<string>BUILT_PRODUCTS_DIR</string>
		</dict>
		<key>D9E29185239944755C2D4763</key>
		<dict>
			<key>children</key>
			<array>
				<string>D93EBBFE6E9ACAE1913CEC23</string>
			</array>
			<key>isa</key>
			<string>PBXGroup</string>
			<key>name</key>
			<string>Frameworks</string>
			<key>sourceTree</key>
			<string>&lt;group&gt;</string>
		</dict>
		<key>F34AC971D638E4ED21468E92</key>
		<dict>
			<key>buildActionMask</key>
			<string>2147483647</string>
			<key>files</key>
			<array/>
			<key>inputPaths</key>
			<array/>
			<key>isa</key>
			<string>PBXShellScriptBuildPhase</string>
			<key>name</key>
			<string>&#128230; Check Pods Manifest.lock</string>
			<key>outputPaths</key>
			<array/>
			<key>runOnlyForDeploymentPostprocessing</key>
			<string>0</string>
			<key>shellPath</key>
			<string>/bin/sh</string>
			<key>shellScript</key>
			<string>diff "${PODS_ROOT}/../Podfile.lock" "${PODS_ROOT}/Manifest.lock" &gt; /dev/null
if [[ $? != 0 ]] ; then
    cat &lt;&lt; EOM
error: The sandbox is not in sync with the Podfile.lock. Run 'pod install' or update your CocoaPods installation.
EOM
    exit 1
fi
</string>
			<key>showEnvVarsInLog</key>
			<string>0</string>
		</dict>
		<key>FE1F8498E4EC0A1966A93F0F</key>
		<dict>
			<key>includeInIndex</key>
			<string>1</string>
			<key>isa</key>
			<string>PBXFileReference</string>
			<key>lastKnownFileType</key>
			<string>text.xcconfig</string>
			<key>name</key>
			<string>Pods-ZCNetworking.debug.xcconfig</string>
			<key>path</key>
			<string>Pods/Target Support Files/Pods-ZCNetworking/Pods-ZCNetworking.debug.xcconfig</string>
			<key>sourceTree</key>
			<string>&lt;group&gt;</string>
		</dict>
	</dict>
	<key>rootObject</key>
	<string>56CCAEC71CC0CDB1006227A9</string>
</dict>
</plist>
